<?xml version="1.0" encoding="utf-8"?>
<Project ToolsVersion="4.0" xmlns="http://schemas.microsoft.com/developer/msbuild/2003">
  <ItemGroup>
    <Filter Include="Source Files">
      <UniqueIdentifier>{4FC737F1-C7A5-4376-A066-2A32D752A2FF}</UniqueIdentifier>
      <Extensions>cpp;c;cc;cxx;def;odl;idl;hpj;bat;asm;asmx</Extensions>
    </Filter>
    <Filter Include="Header Files">
      <UniqueIdentifier>{93995380-89BD-4b04-88EB-625FBE52EBFB}</UniqueIdentifier>
      <Extensions>h;hh;hpp;hxx;hm;inl;inc;xsd</Extensions>
    </Filter>
    <Filter Include="Resource Files">
      <UniqueIdentifier>{67DA6AB6-F800-4c08-8B7A-83BB121AAD01}</UniqueIdentifier>
      <Extensions>rc;ico;cur;bmp;dlg;rc2;rct;bin;rgs;gif;jpg;jpeg;jpe;resx;tiff;tif;png;wav;mfcribbon-ms</Extensions>
    </Filter>
  </ItemGroup>
  <ItemGroup>
    <ClCompile Include="src\vulkanClasses\camera.cpp">
      <Filter>Source Files</Filter>
    </ClCompile>
    <ClCompile Include="src\vulkanClasses\vulkanAndroid.cpp">
      <Filter>Source Files</Filter>
    </ClCompile>
    <ClCompile Include="src\vulkanClasses\vulkanApp.cpp">
      <Filter>Source Files</Filter>
    </ClCompile>
    <ClCompile Include="src\vulkanClasses\vulkanFrameBuffer.cpp">
      <Filter>Source Files</Filter>
    </ClCompile>
    <ClCompile Include="src\vulkanClasses\vulkanMeshLoader.cpp">
      <Filter>Source Files</Filter>
    </ClCompile>
    <ClCompile Include="src\vulkanClasses\vulkanSwapChain.cpp">
      <Filter>Source Files</Filter>
    </ClCompile>
    <ClCompile Include="src\vulkanClasses\vulkanTextOverlay.cpp">
      <Filter>Source Files</Filter>
    </ClCompile>
    <ClCompile Include="src\vulkanClasses\vulkanTextureLoader.cpp">
      <Filter>Source Files</Filter>
    </ClCompile>
    <ClCompile Include="src\vulkanClasses\vulkanTools.cpp">
      <Filter>Source Files</Filter>
    </ClCompile>
    <ClCompile Include="src\vulkanClasses\vulkanContext.cpp">
      <Filter>Source Files</Filter>
    </ClCompile>
    <ClCompile Include="src\vulkanClasses\vulkanOffscreen.cpp">
      <Filter>Source Files</Filter>
    </ClCompile>
    <ClCompile Include="src\vulkanClasses\shapes.cpp">
      <Filter>Source Files</Filter>
    </ClCompile>
    <ClCompile Include="src\vulkanClasses\vulkanDebug.cpp">
      <Filter>Source Files</Filter>
    </ClCompile>
    <ClCompile Include="src\vulkanscene.cpp">
      <Filter>Source Files</Filter>
    </ClCompile>
    <ClCompile Include="src\vulkanClasses\vulkanShaders.cpp">
      <Filter>Source Files</Filter>
    </ClCompile>
  </ItemGroup>
  <ItemGroup>
    <ClInclude Include="include\vulkanClasses\camera.h">
      <Filter>Header Files</Filter>
    </ClInclude>
    <ClInclude Include="include\vulkanClasses\vulkanApp.h">
      <Filter>Header Files</Filter>
    </ClInclude>
    <ClInclude Include="include\vulkanClasses\vulkanFrameBuffer.h">
      <Filter>Header Files</Filter>
    </ClInclude>
    <ClInclude Include="include\vulkanClasses\vulkanMeshLoader.h">
      <Filter>Header Files</Filter>
    </ClInclude>
    <ClInclude Include="include\vulkanClasses\vulkanSwapChain.h">
      <Filter>Header Files</Filter>
    </ClInclude>
    <ClInclude Include="include\vulkanClasses\vulkanTextOverlay.h">
      <Filter>Header Files</Filter>
    </ClInclude>
    <ClInclude Include="include\vulkanClasses\vulkanTextureLoader.h">
      <Filter>Header Files</Filter>
    </ClInclude>
    <ClInclude Include="include\vulkanClasses\vulkanTools.h">
      <Filter>Header Files</Filter>
    </ClInclude>
    <ClInclude Include="include\vulkanClasses\common.h">
      <Filter>Header Files</Filter>
    </ClInclude>
    <ClInclude Include="include\vulkanClasses\vulkanContext.h">
      <Filter>Header Files</Filter>
    </ClInclude>
    <ClInclude Include="include\vulkanClasses\vulkanShaders.h">
      <Filter>Header Files</Filter>
    </ClInclude>
    <ClInclude Include="include\vulkanClasses\vulkanOffscreen.h">
      <Filter>Header Files</Filter>
    </ClInclude>
    <ClInclude Include="include\vulkanClasses\shapes.h">
      <Filter>Header Files</Filter>
    </ClInclude>
    <ClInclude Include="include\vulkanClasses\easings.h">
      <Filter>Header Files</Filter>
    </ClInclude>
    <ClInclude Include="include\vulkanClasses\vulkanMesh.h">
      <Filter>Header Files</Filter>
    </ClInclude>
    <ClInclude Include="include\vulkanClasses\vulkanModel.h">
      <Filter>Header Files</Filter>
    </ClInclude>
    <ClInclude Include="include\vulkanClasses\vulkanDebug.h">
      <Filter>Header Files</Filter>
    </ClInclude>
    <ClInclude Include="include\vulkanClasses\vulkanOffscreenExampleBase.hpp">
      <Filter>Header Files</Filter>
    </ClInclude>
    <ClInclude Include="include\vulkanClasses\vulkanAssetManager.h">
      <Filter>Header Files</Filter>
    </ClInclude>
  </ItemGroup>
</Project>