
Microsoft Visual Studio Solution File, Format Version 11.00
# Visual Studio 2010
Project("{8BC9CEB8-8B4A-11D0-8D11-00A0C91BC942}") = "App_BulletExampleBrowser", "App_BulletExampleBrowser.vcxproj", "{49C1D9F1-FE2E-094C-B6C2-CC92E1FD9846}"
	ProjectSection(ProjectDependencies) = postProject
		{D886D0B2-43A9-7E4E-AE79-A9B036F5DA8E} = {D886D0B2-43A9-7E4E-AE79-A9B036F5DA8E}
		{5B3A168E-7C37-8C48-9151-51CB9583E17D} = {5B3A168E-7C37-8C48-9151-51CB9583E17D}
		{01CFE897-0A5F-1C46-BD2B-44775002F317} = {01CFE897-0A5F-1C46-BD2B-44775002F317}
		{3FC5B2B2-EAFD-C848-87EF-6A95A27825A9} = {3FC5B2B2-EAFD-C848-87EF-6A95A27825A9}
		{33FCE26D-D3E8-0643-BDC0-74B5D874B3AC} = {33FCE26D-D3E8-0643-BDC0-74B5D874B3AC}
		{9AC01A47-1A4A-204C-8D44-4717CFF1E850} = {9AC01A47-1A4A-204C-8D44-4717CFF1E850}
		{AED6F72D-9852-FE4B-A5D3-F638480F483F} = {AED6F72D-9852-FE4B-A5D3-F638480F483F}
		{BD1E509C-F926-A142-A234-5809E047ABE8} = {BD1E509C-F926-A142-A234-5809E047ABE8}
		{A55EA26A-DED4-A641-B85E-BA3351202AD1} = {A55EA26A-DED4-A641-B85E-BA3351202AD1}
		{1F5A2603-FD42-374B-B856-13E57EE3B3B6} = {1F5A2603-FD42-374B-B856-13E57EE3B3B6}
		{99BD42B8-2EBA-D24E-B908-C420ED5CD7C9} = {99BD42B8-2EBA-D24E-B908-C420ED5CD7C9}
		{C05A4771-399F-4B4A-8527-ECA0B229B62A} = {C05A4771-399F-4B4A-8527-ECA0B229B62A}
		{2B61DA1E-47E1-2B47-BA27-6470B0FD3151} = {2B61DA1E-47E1-2B47-BA27-6470B0FD3151}
		{94F82611-88FF-874D-BA60-531304DDD37A} = {94F82611-88FF-874D-BA60-531304DDD37A}
		{4525743A-CCFA-B341-908E-28F286A46B1F} = {4525743A-CCFA-B341-908E-28F286A46B1F}
	EndProjectSection
EndProject
Project("{8BC9CEB8-8B4A-11D0-8D11-00A0C91BC942}") = "BulletExampleBrowserLib", "BulletExampleBrowserLib.vcxproj", "{D886D0B2-43A9-7E4E-AE79-A9B036F5DA8E}"
EndProject
Project("{8BC9CEB8-8B4A-11D0-8D11-00A0C91BC942}") = "OpenGL_Window", "OpenGL_Window.vcxproj", "{01CFE897-0A5F-1C46-BD2B-44775002F317}"
EndProject
Project("{8BC9CEB8-8B4A-11D0-8D11-00A0C91BC942}") = "gwen", "gwen.vcxproj", "{5B3A168E-7C37-8C48-9151-51CB9583E17D}"
EndProject
Project("{8BC9CEB8-8B4A-11D0-8D11-00A0C91BC942}") = "App_SimpleOpenGL3", "App_SimpleOpenGL3.vcxproj", "{52D88D30-59BA-7947-B874-DB82D3CC2AA1}"
	ProjectSection(ProjectDependencies) = postProject
		{01CFE897-0A5F-1C46-BD2B-44775002F317} = {01CFE897-0A5F-1C46-BD2B-44775002F317}
		{99BD42B8-2EBA-D24E-B908-C420ED5CD7C9} = {99BD42B8-2EBA-D24E-B908-C420ED5CD7C9}
	EndProjectSection
EndProject
Project("{8BC9CEB8-8B4A-11D0-8D11-00A0C91BC942}") = "App_TinyRenderer", "App_TinyRenderer.vcxproj", "{1B24E0D2-09C2-BF4F-AE9C-0A155AE8C9BA}"
	ProjectSection(ProjectDependencies) = postProject
		{01CFE897-0A5F-1C46-BD2B-44775002F317} = {01CFE897-0A5F-1C46-BD2B-44775002F317}
		{99BD42B8-2EBA-D24E-B908-C420ED5CD7C9} = {99BD42B8-2EBA-D24E-B908-C420ED5CD7C9}
	EndProjectSection
EndProject
Project("{8BC9CEB8-8B4A-11D0-8D11-00A0C91BC942}") = "App_HelloWorld", "App_HelloWorld.vcxproj", "{150F6372-09CB-DA4D-86CE-5D9F81510512}"
	ProjectSection(ProjectDependencies) = postProject
		{AED6F72D-9852-FE4B-A5D3-F638480F483F} = {AED6F72D-9852-FE4B-A5D3-F638480F483F}
		{BD1E509C-F926-A142-A234-5809E047ABE8} = {BD1E509C-F926-A142-A234-5809E047ABE8}
		{A55EA26A-DED4-A641-B85E-BA3351202AD1} = {A55EA26A-DED4-A641-B85E-BA3351202AD1}
	EndProjectSection
EndProject
Project("{8BC9CEB8-8B4A-11D0-8D11-00A0C91BC942}") = "App_BasicExample", "App_BasicExample.vcxproj", "{AEF1EB6D-8AE1-C64F-8387-3106969F80E4}"
	ProjectSection(ProjectDependencies) = postProject
		{AED6F72D-9852-FE4B-A5D3-F638480F483F} = {AED6F72D-9852-FE4B-A5D3-F638480F483F}
		{BD1E509C-F926-A142-A234-5809E047ABE8} = {BD1E509C-F926-A142-A234-5809E047ABE8}
		{A55EA26A-DED4-A641-B85E-BA3351202AD1} = {A55EA26A-DED4-A641-B85E-BA3351202AD1}
	EndProjectSection
EndProject
Project("{8BC9CEB8-8B4A-11D0-8D11-00A0C91BC942}") = "App_BasicExampleGui", "App_BasicExampleGui.vcxproj", "{3E2C3CF0-FC76-C74A-9759-E3FB0F88E896}"
	ProjectSection(ProjectDependencies) = postProject
		{AED6F72D-9852-FE4B-A5D3-F638480F483F} = {AED6F72D-9852-FE4B-A5D3-F638480F483F}
		{BD1E509C-F926-A142-A234-5809E047ABE8} = {BD1E509C-F926-A142-A234-5809E047ABE8}
		{A55EA26A-DED4-A641-B85E-BA3351202AD1} = {A55EA26A-DED4-A641-B85E-BA3351202AD1}
		{01CFE897-0A5F-1C46-BD2B-44775002F317} = {01CFE897-0A5F-1C46-BD2B-44775002F317}
		{99BD42B8-2EBA-D24E-B908-C420ED5CD7C9} = {99BD42B8-2EBA-D24E-B908-C420ED5CD7C9}
	EndProjectSection
EndProject
Project("{8BC9CEB8-8B4A-11D0-8D11-00A0C91BC942}") = "App_BasicExampleGuiWithSoftwareRenderer", "App_BasicExampleGuiWithSoftwareRenderer.vcxproj", "{F2E4FF21-3560-6348-B80A-819819876BB6}"
	ProjectSection(ProjectDependencies) = postProject
		{AED6F72D-9852-FE4B-A5D3-F638480F483F} = {AED6F72D-9852-FE4B-A5D3-F638480F483F}
		{BD1E509C-F926-A142-A234-5809E047ABE8} = {BD1E509C-F926-A142-A234-5809E047ABE8}
		{A55EA26A-DED4-A641-B85E-BA3351202AD1} = {A55EA26A-DED4-A641-B85E-BA3351202AD1}
		{01CFE897-0A5F-1C46-BD2B-44775002F317} = {01CFE897-0A5F-1C46-BD2B-44775002F317}
		{99BD42B8-2EBA-D24E-B908-C420ED5CD7C9} = {99BD42B8-2EBA-D24E-B908-C420ED5CD7C9}
	EndProjectSection
EndProject
Project("{8BC9CEB8-8B4A-11D0-8D11-00A0C91BC942}") = "App_BasicExampleTinyRenderer", "App_BasicExampleTinyRenderer.vcxproj", "{3290378A-17D6-304E-B324-64EA389C63D6}"
	ProjectSection(ProjectDependencies) = postProject
		{AED6F72D-9852-FE4B-A5D3-F638480F483F} = {AED6F72D-9852-FE4B-A5D3-F638480F483F}
		{BD1E509C-F926-A142-A234-5809E047ABE8} = {BD1E509C-F926-A142-A234-5809E047ABE8}
		{A55EA26A-DED4-A641-B85E-BA3351202AD1} = {A55EA26A-DED4-A641-B85E-BA3351202AD1}
		{99BD42B8-2EBA-D24E-B908-C420ED5CD7C9} = {99BD42B8-2EBA-D24E-B908-C420ED5CD7C9}
	EndProjectSection
EndProject
Project("{8BC9CEB8-8B4A-11D0-8D11-00A0C91BC942}") = "App_InverseDynamicsExample", "App_InverseDynamicsExample.vcxproj", "{10BFA5AD-A160-6440-889F-9312005E8775}"
	ProjectSection(ProjectDependencies) = postProject
		{33FCE26D-D3E8-0643-BDC0-74B5D874B3AC} = {33FCE26D-D3E8-0643-BDC0-74B5D874B3AC}
		{9AC01A47-1A4A-204C-8D44-4717CFF1E850} = {9AC01A47-1A4A-204C-8D44-4717CFF1E850}
		{99BD42B8-2EBA-D24E-B908-C420ED5CD7C9} = {99BD42B8-2EBA-D24E-B908-C420ED5CD7C9}
		{AED6F72D-9852-FE4B-A5D3-F638480F483F} = {AED6F72D-9852-FE4B-A5D3-F638480F483F}
		{BD1E509C-F926-A142-A234-5809E047ABE8} = {BD1E509C-F926-A142-A234-5809E047ABE8}
		{A55EA26A-DED4-A641-B85E-BA3351202AD1} = {A55EA26A-DED4-A641-B85E-BA3351202AD1}
	EndProjectSection
EndProject
Project("{8BC9CEB8-8B4A-11D0-8D11-00A0C91BC942}") = "App_InverseDynamicsExampleGui", "App_InverseDynamicsExampleGui.vcxproj", "{14AD8DA8-8AC8-0A42-99B2-4BE2B1266417}"
	ProjectSection(ProjectDependencies) = postProject
		{33FCE26D-D3E8-0643-BDC0-74B5D874B3AC} = {33FCE26D-D3E8-0643-BDC0-74B5D874B3AC}
		{9AC01A47-1A4A-204C-8D44-4717CFF1E850} = {9AC01A47-1A4A-204C-8D44-4717CFF1E850}
		{AED6F72D-9852-FE4B-A5D3-F638480F483F} = {AED6F72D-9852-FE4B-A5D3-F638480F483F}
		{BD1E509C-F926-A142-A234-5809E047ABE8} = {BD1E509C-F926-A142-A234-5809E047ABE8}
		{A55EA26A-DED4-A641-B85E-BA3351202AD1} = {A55EA26A-DED4-A641-B85E-BA3351202AD1}
		{01CFE897-0A5F-1C46-BD2B-44775002F317} = {01CFE897-0A5F-1C46-BD2B-44775002F317}
		{99BD42B8-2EBA-D24E-B908-C420ED5CD7C9} = {99BD42B8-2EBA-D24E-B908-C420ED5CD7C9}
	EndProjectSection
EndProject
Project("{8BC9CEB8-8B4A-11D0-8D11-00A0C91BC942}") = "App_InverseDynamicsExampleGuiWithSoftwareRenderer", "App_InverseDynamicsExampleGuiWithSoftwareRenderer.vcxproj", "{9512B08B-52CB-6444-99AF-353B501D4E8F}"
	ProjectSection(ProjectDependencies) = postProject
		{33FCE26D-D3E8-0643-BDC0-74B5D874B3AC} = {33FCE26D-D3E8-0643-BDC0-74B5D874B3AC}
		{9AC01A47-1A4A-204C-8D44-4717CFF1E850} = {9AC01A47-1A4A-204C-8D44-4717CFF1E850}
		{AED6F72D-9852-FE4B-A5D3-F638480F483F} = {AED6F72D-9852-FE4B-A5D3-F638480F483F}
		{BD1E509C-F926-A142-A234-5809E047ABE8} = {BD1E509C-F926-A142-A234-5809E047ABE8}
		{A55EA26A-DED4-A641-B85E-BA3351202AD1} = {A55EA26A-DED4-A641-B85E-BA3351202AD1}
		{01CFE897-0A5F-1C46-BD2B-44775002F317} = {01CFE897-0A5F-1C46-BD2B-44775002F317}
		{99BD42B8-2EBA-D24E-B908-C420ED5CD7C9} = {99BD42B8-2EBA-D24E-B908-C420ED5CD7C9}
	EndProjectSection
EndProject
Project("{8BC9CEB8-8B4A-11D0-8D11-00A0C91BC942}") = "App_InverseDynamicsExampleTinyRenderer", "App_InverseDynamicsExampleTinyRenderer.vcxproj", "{956343A4-0C9F-4F4C-B8BF-EBE6423607EB}"
	ProjectSection(ProjectDependencies) = postProject
		{33FCE26D-D3E8-0643-BDC0-74B5D874B3AC} = {33FCE26D-D3E8-0643-BDC0-74B5D874B3AC}
		{9AC01A47-1A4A-204C-8D44-4717CFF1E850} = {9AC01A47-1A4A-204C-8D44-4717CFF1E850}
		{AED6F72D-9852-FE4B-A5D3-F638480F483F} = {AED6F72D-9852-FE4B-A5D3-F638480F483F}
		{BD1E509C-F926-A142-A234-5809E047ABE8} = {BD1E509C-F926-A142-A234-5809E047ABE8}
		{A55EA26A-DED4-A641-B85E-BA3351202AD1} = {A55EA26A-DED4-A641-B85E-BA3351202AD1}
		{99BD42B8-2EBA-D24E-B908-C420ED5CD7C9} = {99BD42B8-2EBA-D24E-B908-C420ED5CD7C9}
	EndProjectSection
EndProject
Project("{8BC9CEB8-8B4A-11D0-8D11-00A0C91BC942}") = "App_RigidBodyFromObjExample", "App_RigidBodyFromObjExample.vcxproj", "{CBBD524C-AEEA-FC4D-AD28-CD4244D1484A}"
	ProjectSection(ProjectDependencies) = postProject
		{33FCE26D-D3E8-0643-BDC0-74B5D874B3AC} = {33FCE26D-D3E8-0643-BDC0-74B5D874B3AC}
		{9AC01A47-1A4A-204C-8D44-4717CFF1E850} = {9AC01A47-1A4A-204C-8D44-4717CFF1E850}
		{99BD42B8-2EBA-D24E-B908-C420ED5CD7C9} = {99BD42B8-2EBA-D24E-B908-C420ED5CD7C9}
		{AED6F72D-9852-FE4B-A5D3-F638480F483F} = {AED6F72D-9852-FE4B-A5D3-F638480F483F}
		{BD1E509C-F926-A142-A234-5809E047ABE8} = {BD1E509C-F926-A142-A234-5809E047ABE8}
		{A55EA26A-DED4-A641-B85E-BA3351202AD1} = {A55EA26A-DED4-A641-B85E-BA3351202AD1}
	EndProjectSection
EndProject
Project("{8BC9CEB8-8B4A-11D0-8D11-00A0C91BC942}") = "App_RigidBodyFromObjExampleGui", "App_RigidBodyFromObjExampleGui.vcxproj", "{FCEAC47B-D88B-9E4F-801B-A488FF12FACC}"
	ProjectSection(ProjectDependencies) = postProject
		{33FCE26D-D3E8-0643-BDC0-74B5D874B3AC} = {33FCE26D-D3E8-0643-BDC0-74B5D874B3AC}
		{9AC01A47-1A4A-204C-8D44-4717CFF1E850} = {9AC01A47-1A4A-204C-8D44-4717CFF1E850}
		{AED6F72D-9852-FE4B-A5D3-F638480F483F} = {AED6F72D-9852-FE4B-A5D3-F638480F483F}
		{BD1E509C-F926-A142-A234-5809E047ABE8} = {BD1E509C-F926-A142-A234-5809E047ABE8}
		{A55EA26A-DED4-A641-B85E-BA3351202AD1} = {A55EA26A-DED4-A641-B85E-BA3351202AD1}
		{01CFE897-0A5F-1C46-BD2B-44775002F317} = {01CFE897-0A5F-1C46-BD2B-44775002F317}
		{99BD42B8-2EBA-D24E-B908-C420ED5CD7C9} = {99BD42B8-2EBA-D24E-B908-C420ED5CD7C9}
	EndProjectSection
EndProject
Project("{8BC9CEB8-8B4A-11D0-8D11-00A0C91BC942}") = "App_RigidBodyFromObjExampleGuiWithSoftwareRenderer", "App_RigidBodyFromObjExampleGuiWithSoftwareRenderer.vcxproj", "{E21A7312-9D89-CB49-A96F-CB4DC82328CB}"
	ProjectSection(ProjectDependencies) = postProject
		{33FCE26D-D3E8-0643-BDC0-74B5D874B3AC} = {33FCE26D-D3E8-0643-BDC0-74B5D874B3AC}
		{9AC01A47-1A4A-204C-8D44-4717CFF1E850} = {9AC01A47-1A4A-204C-8D44-4717CFF1E850}
		{AED6F72D-9852-FE4B-A5D3-F638480F483F} = {AED6F72D-9852-FE4B-A5D3-F638480F483F}
		{BD1E509C-F926-A142-A234-5809E047ABE8} = {BD1E509C-F926-A142-A234-5809E047ABE8}
		{A55EA26A-DED4-A641-B85E-BA3351202AD1} = {A55EA26A-DED4-A641-B85E-BA3351202AD1}
		{01CFE897-0A5F-1C46-BD2B-44775002F317} = {01CFE897-0A5F-1C46-BD2B-44775002F317}
		{99BD42B8-2EBA-D24E-B908-C420ED5CD7C9} = {99BD42B8-2EBA-D24E-B908-C420ED5CD7C9}
	EndProjectSection
EndProject
Project("{8BC9CEB8-8B4A-11D0-8D11-00A0C91BC942}") = "App_RigidBodyFromObjExampleTinyRenderer", "App_RigidBodyFromObjExampleTinyRenderer.vcxproj", "{A26AAEAB-A7F7-8146-BA37-60785627E8E8}"
	ProjectSection(ProjectDependencies) = postProject
		{33FCE26D-D3E8-0643-BDC0-74B5D874B3AC} = {33FCE26D-D3E8-0643-BDC0-74B5D874B3AC}
		{9AC01A47-1A4A-204C-8D44-4717CFF1E850} = {9AC01A47-1A4A-204C-8D44-4717CFF1E850}
		{AED6F72D-9852-FE4B-A5D3-F638480F483F} = {AED6F72D-9852-FE4B-A5D3-F638480F483F}
		{BD1E509C-F926-A142-A234-5809E047ABE8} = {BD1E509C-F926-A142-A234-5809E047ABE8}
		{A55EA26A-DED4-A641-B85E-BA3351202AD1} = {A55EA26A-DED4-A641-B85E-BA3351202AD1}
		{99BD42B8-2EBA-D24E-B908-C420ED5CD7C9} = {99BD42B8-2EBA-D24E-B908-C420ED5CD7C9}
	EndProjectSection
EndProject
Project("{8BC9CEB8-8B4A-11D0-8D11-00A0C91BC942}") = "App_SharedMemoryPhysics", "App_SharedMemoryPhysics.vcxproj", "{BAD5DDEA-61EB-CC42-9282-142B1ACBAF43}"
	ProjectSection(ProjectDependencies) = postProject
		{99BD42B8-2EBA-D24E-B908-C420ED5CD7C9} = {99BD42B8-2EBA-D24E-B908-C420ED5CD7C9}
		{33FCE26D-D3E8-0643-BDC0-74B5D874B3AC} = {33FCE26D-D3E8-0643-BDC0-74B5D874B3AC}
		{9AC01A47-1A4A-204C-8D44-4717CFF1E850} = {9AC01A47-1A4A-204C-8D44-4717CFF1E850}
		{AED6F72D-9852-FE4B-A5D3-F638480F483F} = {AED6F72D-9852-FE4B-A5D3-F638480F483F}
		{BD1E509C-F926-A142-A234-5809E047ABE8} = {BD1E509C-F926-A142-A234-5809E047ABE8}
		{A55EA26A-DED4-A641-B85E-BA3351202AD1} = {A55EA26A-DED4-A641-B85E-BA3351202AD1}
		{1F5A2603-FD42-374B-B856-13E57EE3B3B6} = {1F5A2603-FD42-374B-B856-13E57EE3B3B6}
	EndProjectSection
EndProject
Project("{8BC9CEB8-8B4A-11D0-8D11-00A0C91BC942}") = "App_SharedMemoryPhysics_GUI", "App_SharedMemoryPhysics_GUI.vcxproj", "{A38FB982-6830-2940-86DE-752E04A85831}"
	ProjectSection(ProjectDependencies) = postProject
		{33FCE26D-D3E8-0643-BDC0-74B5D874B3AC} = {33FCE26D-D3E8-0643-BDC0-74B5D874B3AC}
		{9AC01A47-1A4A-204C-8D44-4717CFF1E850} = {9AC01A47-1A4A-204C-8D44-4717CFF1E850}
		{AED6F72D-9852-FE4B-A5D3-F638480F483F} = {AED6F72D-9852-FE4B-A5D3-F638480F483F}
		{BD1E509C-F926-A142-A234-5809E047ABE8} = {BD1E509C-F926-A142-A234-5809E047ABE8}
		{A55EA26A-DED4-A641-B85E-BA3351202AD1} = {A55EA26A-DED4-A641-B85E-BA3351202AD1}
		{01CFE897-0A5F-1C46-BD2B-44775002F317} = {01CFE897-0A5F-1C46-BD2B-44775002F317}
		{99BD42B8-2EBA-D24E-B908-C420ED5CD7C9} = {99BD42B8-2EBA-D24E-B908-C420ED5CD7C9}
		{1F5A2603-FD42-374B-B856-13E57EE3B3B6} = {1F5A2603-FD42-374B-B856-13E57EE3B3B6}
	EndProjectSection
EndProject
Project("{8BC9CEB8-8B4A-11D0-8D11-00A0C91BC942}") = "App_SharedMemoryPhysics_VR", "App_SharedMemoryPhysics_VR.vcxproj", "{AE02F003-C751-7649-88EC-E1B63E9E8625}"
	ProjectSection(ProjectDependencies) = postProject
		{33FCE26D-D3E8-0643-BDC0-74B5D874B3AC} = {33FCE26D-D3E8-0643-BDC0-74B5D874B3AC}
		{9AC01A47-1A4A-204C-8D44-4717CFF1E850} = {9AC01A47-1A4A-204C-8D44-4717CFF1E850}
		{99BD42B8-2EBA-D24E-B908-C420ED5CD7C9} = {99BD42B8-2EBA-D24E-B908-C420ED5CD7C9}
		{AED6F72D-9852-FE4B-A5D3-F638480F483F} = {AED6F72D-9852-FE4B-A5D3-F638480F483F}
		{BD1E509C-F926-A142-A234-5809E047ABE8} = {BD1E509C-F926-A142-A234-5809E047ABE8}
		{A55EA26A-DED4-A641-B85E-BA3351202AD1} = {A55EA26A-DED4-A641-B85E-BA3351202AD1}
		{01CFE897-0A5F-1C46-BD2B-44775002F317} = {01CFE897-0A5F-1C46-BD2B-44775002F317}
		{1F5A2603-FD42-374B-B856-13E57EE3B3B6} = {1F5A2603-FD42-374B-B856-13E57EE3B3B6}
	EndProjectSection
EndProject
Project("{8BC9CEB8-8B4A-11D0-8D11-00A0C91BC942}") = "App_PhysicsServerSharedMemoryBridgeUDP", "App_PhysicsServerSharedMemoryBridgeUDP.vcxproj", "{14867112-B4E4-EA4E-A5B6-CF2127C355CE}"
	ProjectSection(ProjectDependencies) = postProject
		{0C68C1DD-8EC8-B141-8734-7BC8B272C312} = {0C68C1DD-8EC8-B141-8734-7BC8B272C312}
		{1416A3EF-2E5E-114F-B50A-E9ED740D312C} = {1416A3EF-2E5E-114F-B50A-E9ED740D312C}
		{99BD42B8-2EBA-D24E-B908-C420ED5CD7C9} = {99BD42B8-2EBA-D24E-B908-C420ED5CD7C9}
		{A55EA26A-DED4-A641-B85E-BA3351202AD1} = {A55EA26A-DED4-A641-B85E-BA3351202AD1}
	EndProjectSection
EndProject
Project("{8BC9CEB8-8B4A-11D0-8D11-00A0C91BC942}") = "App_PhysicsServerUDP", "App_PhysicsServerUDP.vcxproj", "{52CC2748-B60A-E449-806E-AC4CA77AB035}"
	ProjectSection(ProjectDependencies) = postProject
		{0C68C1DD-8EC8-B141-8734-7BC8B272C312} = {0C68C1DD-8EC8-B141-8734-7BC8B272C312}
		{99BD42B8-2EBA-D24E-B908-C420ED5CD7C9} = {99BD42B8-2EBA-D24E-B908-C420ED5CD7C9}
		{33FCE26D-D3E8-0643-BDC0-74B5D874B3AC} = {33FCE26D-D3E8-0643-BDC0-74B5D874B3AC}
		{9AC01A47-1A4A-204C-8D44-4717CFF1E850} = {9AC01A47-1A4A-204C-8D44-4717CFF1E850}
		{AED6F72D-9852-FE4B-A5D3-F638480F483F} = {AED6F72D-9852-FE4B-A5D3-F638480F483F}
		{BD1E509C-F926-A142-A234-5809E047ABE8} = {BD1E509C-F926-A142-A234-5809E047ABE8}
		{A55EA26A-DED4-A641-B85E-BA3351202AD1} = {A55EA26A-DED4-A641-B85E-BA3351202AD1}
		{1F5A2603-FD42-374B-B856-13E57EE3B3B6} = {1F5A2603-FD42-374B-B856-13E57EE3B3B6}
	EndProjectSection
EndProject
Project("{8BC9CEB8-8B4A-11D0-8D11-00A0C91BC942}") = "BussIK", "BussIK.vcxproj", "{1F5A2603-FD42-374B-B856-13E57EE3B3B6}"
EndProject
Project("{8BC9CEB8-8B4A-11D0-8D11-00A0C91BC942}") = "App_ThreadingTest", "App_ThreadingTest.vcxproj", "{CB7D2C0B-7155-0948-A865-1CAD91BEF546}"
	ProjectSection(ProjectDependencies) = postProject
		{99BD42B8-2EBA-D24E-B908-C420ED5CD7C9} = {99BD42B8-2EBA-D24E-B908-C420ED5CD7C9}
	EndProjectSection
EndProject
Project("{8BC9CEB8-8B4A-11D0-8D11-00A0C91BC942}") = "Test_SharedMemoryPhysicsClient", "Test_SharedMemoryPhysicsClient.vcxproj", "{F06EACB7-EA98-214D-80B6-3F978E986B39}"
	ProjectSection(ProjectDependencies) = postProject
		{1416A3EF-2E5E-114F-B50A-E9ED740D312C} = {1416A3EF-2E5E-114F-B50A-E9ED740D312C}
		{99BD42B8-2EBA-D24E-B908-C420ED5CD7C9} = {99BD42B8-2EBA-D24E-B908-C420ED5CD7C9}
		{A55EA26A-DED4-A641-B85E-BA3351202AD1} = {A55EA26A-DED4-A641-B85E-BA3351202AD1}
	EndProjectSection
EndProject
Project("{8BC9CEB8-8B4A-11D0-8D11-00A0C91BC942}") = "Test_PhysicsServerLoopBack", "Test_PhysicsServerLoopBack.vcxproj", "{FFAD8103-1DB6-C644-AB55-E32FB438FBB4}"
	ProjectSection(ProjectDependencies) = postProject
		{33FCE26D-D3E8-0643-BDC0-74B5D874B3AC} = {33FCE26D-D3E8-0643-BDC0-74B5D874B3AC}
		{9AC01A47-1A4A-204C-8D44-4717CFF1E850} = {9AC01A47-1A4A-204C-8D44-4717CFF1E850}
		{1416A3EF-2E5E-114F-B50A-E9ED740D312C} = {1416A3EF-2E5E-114F-B50A-E9ED740D312C}
		{070AC509-A707-DE48-96ED-9FE408A8B107} = {070AC509-A707-DE48-96ED-9FE408A8B107}
		{99BD42B8-2EBA-D24E-B908-C420ED5CD7C9} = {99BD42B8-2EBA-D24E-B908-C420ED5CD7C9}
		{AED6F72D-9852-FE4B-A5D3-F638480F483F} = {AED6F72D-9852-FE4B-A5D3-F638480F483F}
		{BD1E509C-F926-A142-A234-5809E047ABE8} = {BD1E509C-F926-A142-A234-5809E047ABE8}
		{1F5A2603-FD42-374B-B856-13E57EE3B3B6} = {1F5A2603-FD42-374B-B856-13E57EE3B3B6}
		{A55EA26A-DED4-A641-B85E-BA3351202AD1} = {A55EA26A-DED4-A641-B85E-BA3351202AD1}
	EndProjectSection
EndProject
Project("{8BC9CEB8-8B4A-11D0-8D11-00A0C91BC942}") = "Test_PhysicsServerDirect", "Test_PhysicsServerDirect.vcxproj", "{2BA32F07-8DCF-314D-AF1F-CE94514CED68}"
	ProjectSection(ProjectDependencies) = postProject
		{33FCE26D-D3E8-0643-BDC0-74B5D874B3AC} = {33FCE26D-D3E8-0643-BDC0-74B5D874B3AC}
		{9AC01A47-1A4A-204C-8D44-4717CFF1E850} = {9AC01A47-1A4A-204C-8D44-4717CFF1E850}
		{1416A3EF-2E5E-114F-B50A-E9ED740D312C} = {1416A3EF-2E5E-114F-B50A-E9ED740D312C}
		{070AC509-A707-DE48-96ED-9FE408A8B107} = {070AC509-A707-DE48-96ED-9FE408A8B107}
		{99BD42B8-2EBA-D24E-B908-C420ED5CD7C9} = {99BD42B8-2EBA-D24E-B908-C420ED5CD7C9}
		{AED6F72D-9852-FE4B-A5D3-F638480F483F} = {AED6F72D-9852-FE4B-A5D3-F638480F483F}
		{BD1E509C-F926-A142-A234-5809E047ABE8} = {BD1E509C-F926-A142-A234-5809E047ABE8}
		{1F5A2603-FD42-374B-B856-13E57EE3B3B6} = {1F5A2603-FD42-374B-B856-13E57EE3B3B6}
		{A55EA26A-DED4-A641-B85E-BA3351202AD1} = {A55EA26A-DED4-A641-B85E-BA3351202AD1}
	EndProjectSection
EndProject
Project("{8BC9CEB8-8B4A-11D0-8D11-00A0C91BC942}") = "Test_PhysicsServerInProcessExampleBrowser", "Test_PhysicsServerInProcessExampleBrowser.vcxproj", "{2F199505-1D75-884C-82C7-BFFBCE731EBD}"
	ProjectSection(ProjectDependencies) = postProject
		{D886D0B2-43A9-7E4E-AE79-A9B036F5DA8E} = {D886D0B2-43A9-7E4E-AE79-A9B036F5DA8E}
		{5B3A168E-7C37-8C48-9151-51CB9583E17D} = {5B3A168E-7C37-8C48-9151-51CB9583E17D}
		{01CFE897-0A5F-1C46-BD2B-44775002F317} = {01CFE897-0A5F-1C46-BD2B-44775002F317}
		{1416A3EF-2E5E-114F-B50A-E9ED740D312C} = {1416A3EF-2E5E-114F-B50A-E9ED740D312C}
		{070AC509-A707-DE48-96ED-9FE408A8B107} = {070AC509-A707-DE48-96ED-9FE408A8B107}
		{3FC5B2B2-EAFD-C848-87EF-6A95A27825A9} = {3FC5B2B2-EAFD-C848-87EF-6A95A27825A9}
		{33FCE26D-D3E8-0643-BDC0-74B5D874B3AC} = {33FCE26D-D3E8-0643-BDC0-74B5D874B3AC}
		{9AC01A47-1A4A-204C-8D44-4717CFF1E850} = {9AC01A47-1A4A-204C-8D44-4717CFF1E850}
		{AED6F72D-9852-FE4B-A5D3-F638480F483F} = {AED6F72D-9852-FE4B-A5D3-F638480F483F}
		{BD1E509C-F926-A142-A234-5809E047ABE8} = {BD1E509C-F926-A142-A234-5809E047ABE8}
		{A55EA26A-DED4-A641-B85E-BA3351202AD1} = {A55EA26A-DED4-A641-B85E-BA3351202AD1}
		{1F5A2603-FD42-374B-B856-13E57EE3B3B6} = {1F5A2603-FD42-374B-B856-13E57EE3B3B6}
		{99BD42B8-2EBA-D24E-B908-C420ED5CD7C9} = {99BD42B8-2EBA-D24E-B908-C420ED5CD7C9}
		{C05A4771-399F-4B4A-8527-ECA0B229B62A} = {C05A4771-399F-4B4A-8527-ECA0B229B62A}
		{2B61DA1E-47E1-2B47-BA27-6470B0FD3151} = {2B61DA1E-47E1-2B47-BA27-6470B0FD3151}
		{94F82611-88FF-874D-BA60-531304DDD37A} = {94F82611-88FF-874D-BA60-531304DDD37A}
		{4525743A-CCFA-B341-908E-28F286A46B1F} = {4525743A-CCFA-B341-908E-28F286A46B1F}
	EndProjectSection
EndProject
Project("{8BC9CEB8-8B4A-11D0-8D11-00A0C91BC942}") = "enet", "enet.vcxproj", "{0C68C1DD-8EC8-B141-8734-7BC8B272C312}"
EndProject
Project("{8BC9CEB8-8B4A-11D0-8D11-00A0C91BC942}") = "Test_enet_nat_punchthrough_client", "Test_enet_nat_punchthrough_client.vcxproj", "{04B5DE58-6787-4248-A81D-746ACE8DA37E}"
	ProjectSection(ProjectDependencies) = postProject
		{0C68C1DD-8EC8-B141-8734-7BC8B272C312} = {0C68C1DD-8EC8-B141-8734-7BC8B272C312}
	EndProjectSection
EndProject
Project("{8BC9CEB8-8B4A-11D0-8D11-00A0C91BC942}") = "Test_enet_nat_punchthrough_server", "Test_enet_nat_punchthrough_server.vcxproj", "{2B41AF32-5BD7-2E4C-AE0D-E2F3BF7749EB}"
	ProjectSection(ProjectDependencies) = postProject
		{0C68C1DD-8EC8-B141-8734-7BC8B272C312} = {0C68C1DD-8EC8-B141-8734-7BC8B272C312}
	EndProjectSection
EndProject
Project("{8BC9CEB8-8B4A-11D0-8D11-00A0C91BC942}") = "Test_enet_chat_client", "Test_enet_chat_client.vcxproj", "{ED308679-4F8F-0542-939C-AE1E51B1F59C}"
	ProjectSection(ProjectDependencies) = postProject
		{0C68C1DD-8EC8-B141-8734-7BC8B272C312} = {0C68C1DD-8EC8-B141-8734-7BC8B272C312}
	EndProjectSection
EndProject
Project("{8BC9CEB8-8B4A-11D0-8D11-00A0C91BC942}") = "Test_enet_chat_server", "Test_enet_chat_server.vcxproj", "{6A37C8B6-3C2B-FE4C-AFA3-383FE36C9400}"
	ProjectSection(ProjectDependencies) = postProject
		{0C68C1DD-8EC8-B141-8734-7BC8B272C312} = {0C68C1DD-8EC8-B141-8734-7BC8B272C312}
	EndProjectSection
EndProject
Project("{8BC9CEB8-8B4A-11D0-8D11-00A0C91BC942}") = "Bullet3Common", "Bullet3Common.vcxproj", "{99BD42B8-2EBA-D24E-B908-C420ED5CD7C9}"
EndProject
Project("{8BC9CEB8-8B4A-11D0-8D11-00A0C91BC942}") = "Bullet3Geometry", "Bullet3Geometry.vcxproj", "{4525743A-CCFA-B341-908E-28F286A46B1F}"
EndProject
Project("{8BC9CEB8-8B4A-11D0-8D11-00A0C91BC942}") = "Bullet3Collision", "Bullet3Collision.vcxproj", "{94F82611-88FF-874D-BA60-531304DDD37A}"
EndProject
Project("{8BC9CEB8-8B4A-11D0-8D11-00A0C91BC942}") = "Bullet3Dynamics", "Bullet3Dynamics.vcxproj", "{2B61DA1E-47E1-2B47-BA27-6470B0FD3151}"
EndProject
Project("{8BC9CEB8-8B4A-11D0-8D11-00A0C91BC942}") = "Bullet3OpenCL_clew", "Bullet3OpenCL_clew.vcxproj", "{C05A4771-399F-4B4A-8527-ECA0B229B62A}"
EndProject
Project("{8BC9CEB8-8B4A-11D0-8D11-00A0C91BC942}") = "Bullet2FileLoader", "Bullet2FileLoader.vcxproj", "{B36D33EC-1E3A-154C-BA94-629827F68D18}"
EndProject
Project("{8BC9CEB8-8B4A-11D0-8D11-00A0C91BC942}") = "HACD", "HACD.vcxproj", "{1E200BD6-F31C-364B-AED9-54AE75B89919}"
EndProject
Project("{8BC9CEB8-8B4A-11D0-8D11-00A0C91BC942}") = "vhacd", "vhacd.vcxproj", "{E8702E1B-9A7D-7A49-AD0E-C642D77B554B}"
EndProject
Project("{8BC9CEB8-8B4A-11D0-8D11-00A0C91BC942}") = "test_vhacd", "test_vhacd.vcxproj", "{FDD46DBE-6D43-D544-A527-55BD5F33221C}"
	ProjectSection(ProjectDependencies) = postProject
		{E8702E1B-9A7D-7A49-AD0E-C642D77B554B} = {E8702E1B-9A7D-7A49-AD0E-C642D77B554B}
	EndProjectSection
EndProject
Project("{8BC9CEB8-8B4A-11D0-8D11-00A0C91BC942}") = "ConvexDecomposition", "ConvexDecomposition.vcxproj", "{EFB6CC0F-782B-CB40-8EA9-7896C65919C9}"
EndProject
Project("{8BC9CEB8-8B4A-11D0-8D11-00A0C91BC942}") = "BulletInverseDynamicsUtils", "BulletInverseDynamicsUtils.vcxproj", "{33FCE26D-D3E8-0643-BDC0-74B5D874B3AC}"
EndProject
Project("{8BC9CEB8-8B4A-11D0-8D11-00A0C91BC942}") = "BulletFileLoader", "BulletFileLoader.vcxproj", "{1416A3EF-2E5E-114F-B50A-E9ED740D312C}"
EndProject
Project("{8BC9CEB8-8B4A-11D0-8D11-00A0C91BC942}") = "BulletWorldImporter", "BulletWorldImporter.vcxproj", "{070AC509-A707-DE48-96ED-9FE408A8B107}"
EndProject
Project("{8BC9CEB8-8B4A-11D0-8D11-00A0C91BC942}") = "BulletXmlWorldImporter", "BulletXmlWorldImporter.vcxproj", "{48985784-CAF5-D846-9FAF-96CCAD706BB0}"
EndProject
Project("{8BC9CEB8-8B4A-11D0-8D11-00A0C91BC942}") = "Test_LinearMath", "Test_LinearMath.vcxproj", "{6ACB5838-A5F2-C240-B8B0-B83DE7E46859}"
	ProjectSection(ProjectDependencies) = postProject
		{AED6F72D-9852-FE4B-A5D3-F638480F483F} = {AED6F72D-9852-FE4B-A5D3-F638480F483F}
		{BD1E509C-F926-A142-A234-5809E047ABE8} = {BD1E509C-F926-A142-A234-5809E047ABE8}
		{A55EA26A-DED4-A641-B85E-BA3351202AD1} = {A55EA26A-DED4-A641-B85E-BA3351202AD1}
	EndProjectSection
EndProject
Project("{8BC9CEB8-8B4A-11D0-8D11-00A0C91BC942}") = "gtest", "gtest.vcxproj", "{CCEFE7A1-C9BD-9047-9E26-49C980B9C3DF}"
EndProject
Project("{8BC9CEB8-8B4A-11D0-8D11-00A0C91BC942}") = "Test_BulletCollision", "Test_BulletCollision.vcxproj", "{F6852CB1-C043-6745-86D3-74ADA5DB2F6C}"
	ProjectSection(ProjectDependencies) = postProject
		{A55EA26A-DED4-A641-B85E-BA3351202AD1} = {A55EA26A-DED4-A641-B85E-BA3351202AD1}
		{CCEFE7A1-C9BD-9047-9E26-49C980B9C3DF} = {CCEFE7A1-C9BD-9047-9E26-49C980B9C3DF}
	EndProjectSection
EndProject
Project("{8BC9CEB8-8B4A-11D0-8D11-00A0C91BC942}") = "Test_BulletDynamics", "Test_BulletDynamics.vcxproj", "{560C5360-6BCD-2847-A0C1-56031D58CAC6}"
	ProjectSection(ProjectDependencies) = postProject
		{AED6F72D-9852-FE4B-A5D3-F638480F483F} = {AED6F72D-9852-FE4B-A5D3-F638480F483F}
		{BD1E509C-F926-A142-A234-5809E047ABE8} = {BD1E509C-F926-A142-A234-5809E047ABE8}
		{A55EA26A-DED4-A641-B85E-BA3351202AD1} = {A55EA26A-DED4-A641-B85E-BA3351202AD1}
		{CCEFE7A1-C9BD-9047-9E26-49C980B9C3DF} = {CCEFE7A1-C9BD-9047-9E26-49C980B9C3DF}
	EndProjectSection
EndProject
Project("{8BC9CEB8-8B4A-11D0-8D11-00A0C91BC942}") = "Test_InverseDynamicsKinematics", "Test_InverseDynamicsKinematics.vcxproj", "{2A6659D3-DDA0-A74E-837C-4BB1A5E3C263}"
	ProjectSection(ProjectDependencies) = postProject
		{33FCE26D-D3E8-0643-BDC0-74B5D874B3AC} = {33FCE26D-D3E8-0643-BDC0-74B5D874B3AC}
		{9AC01A47-1A4A-204C-8D44-4717CFF1E850} = {9AC01A47-1A4A-204C-8D44-4717CFF1E850}
		{99BD42B8-2EBA-D24E-B908-C420ED5CD7C9} = {99BD42B8-2EBA-D24E-B908-C420ED5CD7C9}
		{A55EA26A-DED4-A641-B85E-BA3351202AD1} = {A55EA26A-DED4-A641-B85E-BA3351202AD1}
		{CCEFE7A1-C9BD-9047-9E26-49C980B9C3DF} = {CCEFE7A1-C9BD-9047-9E26-49C980B9C3DF}
	EndProjectSection
EndProject
Project("{8BC9CEB8-8B4A-11D0-8D11-00A0C91BC942}") = "Test_InverseDynamicsJacobian", "Test_InverseDynamicsJacobian.vcxproj", "{37BCAE19-DC1C-A848-9B7B-4AA9E850627D}"
	ProjectSection(ProjectDependencies) = postProject
		{33FCE26D-D3E8-0643-BDC0-74B5D874B3AC} = {33FCE26D-D3E8-0643-BDC0-74B5D874B3AC}
		{9AC01A47-1A4A-204C-8D44-4717CFF1E850} = {9AC01A47-1A4A-204C-8D44-4717CFF1E850}
		{99BD42B8-2EBA-D24E-B908-C420ED5CD7C9} = {99BD42B8-2EBA-D24E-B908-C420ED5CD7C9}
		{A55EA26A-DED4-A641-B85E-BA3351202AD1} = {A55EA26A-DED4-A641-B85E-BA3351202AD1}
		{CCEFE7A1-C9BD-9047-9E26-49C980B9C3DF} = {CCEFE7A1-C9BD-9047-9E26-49C980B9C3DF}
	EndProjectSection
EndProject
Project("{8BC9CEB8-8B4A-11D0-8D11-00A0C91BC942}") = "Test_InverseForwardDynamics", "Test_InverseForwardDynamics.vcxproj", "{1CE092FA-6B27-9248-8917-B9D784B3A1C4}"
	ProjectSection(ProjectDependencies) = postProject
		{AED6F72D-9852-FE4B-A5D3-F638480F483F} = {AED6F72D-9852-FE4B-A5D3-F638480F483F}
		{BD1E509C-F926-A142-A234-5809E047ABE8} = {BD1E509C-F926-A142-A234-5809E047ABE8}
		{33FCE26D-D3E8-0643-BDC0-74B5D874B3AC} = {33FCE26D-D3E8-0643-BDC0-74B5D874B3AC}
		{9AC01A47-1A4A-204C-8D44-4717CFF1E850} = {9AC01A47-1A4A-204C-8D44-4717CFF1E850}
		{99BD42B8-2EBA-D24E-B908-C420ED5CD7C9} = {99BD42B8-2EBA-D24E-B908-C420ED5CD7C9}
		{A55EA26A-DED4-A641-B85E-BA3351202AD1} = {A55EA26A-DED4-A641-B85E-BA3351202AD1}
		{CCEFE7A1-C9BD-9047-9E26-49C980B9C3DF} = {CCEFE7A1-C9BD-9047-9E26-49C980B9C3DF}
	EndProjectSection
EndProject
Project("{8BC9CEB8-8B4A-11D0-8D11-00A0C91BC942}") = "Test_OpenCL_Bullet3", "Test_OpenCL_Bullet3.vcxproj", "{49E63A9F-5374-BA4D-BAB2-10C16AB57992}"
	ProjectSection(ProjectDependencies) = postProject
		{CCEFE7A1-C9BD-9047-9E26-49C980B9C3DF} = {CCEFE7A1-C9BD-9047-9E26-49C980B9C3DF}
		{C05A4771-399F-4B4A-8527-ECA0B229B62A} = {C05A4771-399F-4B4A-8527-ECA0B229B62A}
		{99BD42B8-2EBA-D24E-B908-C420ED5CD7C9} = {99BD42B8-2EBA-D24E-B908-C420ED5CD7C9}
	EndProjectSection
EndProject
Project("{8BC9CEB8-8B4A-11D0-8D11-00A0C91BC942}") = "Test_Gwen_OpenGL", "Test_Gwen_OpenGL.vcxproj", "{B0C2FC5C-E188-0844-9A4D-805AF273AADB}"
	ProjectSection(ProjectDependencies) = postProject
		{5B3A168E-7C37-8C48-9151-51CB9583E17D} = {5B3A168E-7C37-8C48-9151-51CB9583E17D}
	EndProjectSection
EndProject
Project("{8BC9CEB8-8B4A-11D0-8D11-00A0C91BC942}") = "BulletInverseDynamics", "BulletInverseDynamics.vcxproj", "{9AC01A47-1A4A-204C-8D44-4717CFF1E850}"
EndProject
Project("{8BC9CEB8-8B4A-11D0-8D11-00A0C91BC942}") = "BulletSoftBody", "BulletSoftBody.vcxproj", "{3FC5B2B2-EAFD-C848-87EF-6A95A27825A9}"
EndProject
Project("{8BC9CEB8-8B4A-11D0-8D11-00A0C91BC942}") = "BulletDynamics", "BulletDynamics.vcxproj", "{AED6F72D-9852-FE4B-A5D3-F638480F483F}"
EndProject
Project("{8BC9CEB8-8B4A-11D0-8D11-00A0C91BC942}") = "BulletCollision", "BulletCollision.vcxproj", "{BD1E509C-F926-A142-A234-5809E047ABE8}"
EndProject
Project("{8BC9CEB8-8B4A-11D0-8D11-00A0C91BC942}") = "LinearMath", "LinearMath.vcxproj", "{A55EA26A-DED4-A641-B85E-BA3351202AD1}"
EndProject
Global
	GlobalSection(SolutionConfigurationPlatforms) = preSolution
		Release|Win32 = Release|Win32
		Release|x64 = Release|x64
		Debug|Win32 = Debug|Win32
		Debug|x64 = Debug|x64
	EndGlobalSection
	GlobalSection(ProjectConfigurationPlatforms) = postSolution
		{49C1D9F1-FE2E-094C-B6C2-CC92E1FD9846}.Release|Win32.ActiveCfg = Release|Win32
		{49C1D9F1-FE2E-094C-B6C2-CC92E1FD9846}.Release|Win32.Build.0 = Release|Win32
		{49C1D9F1-FE2E-094C-B6C2-CC92E1FD9846}.Release|x64.ActiveCfg = Release|x64
		{49C1D9F1-FE2E-094C-B6C2-CC92E1FD9846}.Release|x64.Build.0 = Release|x64
		{49C1D9F1-FE2E-094C-B6C2-CC92E1FD9846}.Debug|Win32.ActiveCfg = Debug|Win32
		{49C1D9F1-FE2E-094C-B6C2-CC92E1FD9846}.Debug|Win32.Build.0 = Debug|Win32
		{49C1D9F1-FE2E-094C-B6C2-CC92E1FD9846}.Debug|x64.ActiveCfg = Debug|x64
		{49C1D9F1-FE2E-094C-B6C2-CC92E1FD9846}.Debug|x64.Build.0 = Debug|x64
		{D886D0B2-43A9-7E4E-AE79-A9B036F5DA8E}.Release|Win32.ActiveCfg = Release|Win32
		{D886D0B2-43A9-7E4E-AE79-A9B036F5DA8E}.Release|Win32.Build.0 = Release|Win32
		{D886D0B2-43A9-7E4E-AE79-A9B036F5DA8E}.Release|x64.ActiveCfg = Release|x64
		{D886D0B2-43A9-7E4E-AE79-A9B036F5DA8E}.Release|x64.Build.0 = Release|x64
		{D886D0B2-43A9-7E4E-AE79-A9B036F5DA8E}.Debug|Win32.ActiveCfg = Debug|Win32
		{D886D0B2-43A9-7E4E-AE79-A9B036F5DA8E}.Debug|Win32.Build.0 = Debug|Win32
		{D886D0B2-43A9-7E4E-AE79-A9B036F5DA8E}.Debug|x64.ActiveCfg = Debug|x64
		{D886D0B2-43A9-7E4E-AE79-A9B036F5DA8E}.Debug|x64.Build.0 = Debug|x64
		{01CFE897-0A5F-1C46-BD2B-44775002F317}.Release|Win32.ActiveCfg = Release|Win32
		{01CFE897-0A5F-1C46-BD2B-44775002F317}.Release|Win32.Build.0 = Release|Win32
		{01CFE897-0A5F-1C46-BD2B-44775002F317}.Release|x64.ActiveCfg = Release|x64
		{01CFE897-0A5F-1C46-BD2B-44775002F317}.Release|x64.Build.0 = Release|x64
		{01CFE897-0A5F-1C46-BD2B-44775002F317}.Debug|Win32.ActiveCfg = Debug|Win32
		{01CFE897-0A5F-1C46-BD2B-44775002F317}.Debug|Win32.Build.0 = Debug|Win32
		{01CFE897-0A5F-1C46-BD2B-44775002F317}.Debug|x64.ActiveCfg = Debug|x64
		{01CFE897-0A5F-1C46-BD2B-44775002F317}.Debug|x64.Build.0 = Debug|x64
		{5B3A168E-7C37-8C48-9151-51CB9583E17D}.Release|Win32.ActiveCfg = Release|Win32
		{5B3A168E-7C37-8C48-9151-51CB9583E17D}.Release|Win32.Build.0 = Release|Win32
		{5B3A168E-7C37-8C48-9151-51CB9583E17D}.Release|x64.ActiveCfg = Release|x64
		{5B3A168E-7C37-8C48-9151-51CB9583E17D}.Release|x64.Build.0 = Release|x64
		{5B3A168E-7C37-8C48-9151-51CB9583E17D}.Debug|Win32.ActiveCfg = Debug|Win32
		{5B3A168E-7C37-8C48-9151-51CB9583E17D}.Debug|Win32.Build.0 = Debug|Win32
		{5B3A168E-7C37-8C48-9151-51CB9583E17D}.Debug|x64.ActiveCfg = Debug|x64
		{5B3A168E-7C37-8C48-9151-51CB9583E17D}.Debug|x64.Build.0 = Debug|x64
		{52D88D30-59BA-7947-B874-DB82D3CC2AA1}.Release|Win32.ActiveCfg = Release|Win32
		{52D88D30-59BA-7947-B874-DB82D3CC2AA1}.Release|Win32.Build.0 = Release|Win32
		{52D88D30-59BA-7947-B874-DB82D3CC2AA1}.Release|x64.ActiveCfg = Release|x64
		{52D88D30-59BA-7947-B874-DB82D3CC2AA1}.Release|x64.Build.0 = Release|x64
		{52D88D30-59BA-7947-B874-DB82D3CC2AA1}.Debug|Win32.ActiveCfg = Debug|Win32
		{52D88D30-59BA-7947-B874-DB82D3CC2AA1}.Debug|Win32.Build.0 = Debug|Win32
		{52D88D30-59BA-7947-B874-DB82D3CC2AA1}.Debug|x64.ActiveCfg = Debug|x64
		{52D88D30-59BA-7947-B874-DB82D3CC2AA1}.Debug|x64.Build.0 = Debug|x64
		{1B24E0D2-09C2-BF4F-AE9C-0A155AE8C9BA}.Release|Win32.ActiveCfg = Release|Win32
		{1B24E0D2-09C2-BF4F-AE9C-0A155AE8C9BA}.Release|Win32.Build.0 = Release|Win32
		{1B24E0D2-09C2-BF4F-AE9C-0A155AE8C9BA}.Release|x64.ActiveCfg = Release|x64
		{1B24E0D2-09C2-BF4F-AE9C-0A155AE8C9BA}.Release|x64.Build.0 = Release|x64
		{1B24E0D2-09C2-BF4F-AE9C-0A155AE8C9BA}.Debug|Win32.ActiveCfg = Debug|Win32
		{1B24E0D2-09C2-BF4F-AE9C-0A155AE8C9BA}.Debug|Win32.Build.0 = Debug|Win32
		{1B24E0D2-09C2-BF4F-AE9C-0A155AE8C9BA}.Debug|x64.ActiveCfg = Debug|x64
		{1B24E0D2-09C2-BF4F-AE9C-0A155AE8C9BA}.Debug|x64.Build.0 = Debug|x64
		{150F6372-09CB-DA4D-86CE-5D9F81510512}.Release|Win32.ActiveCfg = Release|Win32
		{150F6372-09CB-DA4D-86CE-5D9F81510512}.Release|Win32.Build.0 = Release|Win32
		{150F6372-09CB-DA4D-86CE-5D9F81510512}.Release|x64.ActiveCfg = Release|x64
		{150F6372-09CB-DA4D-86CE-5D9F81510512}.Release|x64.Build.0 = Release|x64
		{150F6372-09CB-DA4D-86CE-5D9F81510512}.Debug|Win32.ActiveCfg = Debug|Win32
		{150F6372-09CB-DA4D-86CE-5D9F81510512}.Debug|Win32.Build.0 = Debug|Win32
		{150F6372-09CB-DA4D-86CE-5D9F81510512}.Debug|x64.ActiveCfg = Debug|x64
		{150F6372-09CB-DA4D-86CE-5D9F81510512}.Debug|x64.Build.0 = Debug|x64
		{AEF1EB6D-8AE1-C64F-8387-3106969F80E4}.Release|Win32.ActiveCfg = Release|Win32
		{AEF1EB6D-8AE1-C64F-8387-3106969F80E4}.Release|Win32.Build.0 = Release|Win32
		{AEF1EB6D-8AE1-C64F-8387-3106969F80E4}.Release|x64.ActiveCfg = Release|x64
		{AEF1EB6D-8AE1-C64F-8387-3106969F80E4}.Release|x64.Build.0 = Release|x64
		{AEF1EB6D-8AE1-C64F-8387-3106969F80E4}.Debug|Win32.ActiveCfg = Debug|Win32
		{AEF1EB6D-8AE1-C64F-8387-3106969F80E4}.Debug|Win32.Build.0 = Debug|Win32
		{AEF1EB6D-8AE1-C64F-8387-3106969F80E4}.Debug|x64.ActiveCfg = Debug|x64
		{AEF1EB6D-8AE1-C64F-8387-3106969F80E4}.Debug|x64.Build.0 = Debug|x64
		{3E2C3CF0-FC76-C74A-9759-E3FB0F88E896}.Release|Win32.ActiveCfg = Release|Win32
		{3E2C3CF0-FC76-C74A-9759-E3FB0F88E896}.Release|Win32.Build.0 = Release|Win32
		{3E2C3CF0-FC76-C74A-9759-E3FB0F88E896}.Release|x64.ActiveCfg = Release|x64
		{3E2C3CF0-FC76-C74A-9759-E3FB0F88E896}.Release|x64.Build.0 = Release|x64
		{3E2C3CF0-FC76-C74A-9759-E3FB0F88E896}.Debug|Win32.ActiveCfg = Debug|Win32
		{3E2C3CF0-FC76-C74A-9759-E3FB0F88E896}.Debug|Win32.Build.0 = Debug|Win32
		{3E2C3CF0-FC76-C74A-9759-E3FB0F88E896}.Debug|x64.ActiveCfg = Debug|x64
		{3E2C3CF0-FC76-C74A-9759-E3FB0F88E896}.Debug|x64.Build.0 = Debug|x64
		{F2E4FF21-3560-6348-B80A-819819876BB6}.Release|Win32.ActiveCfg = Release|Win32
		{F2E4FF21-3560-6348-B80A-819819876BB6}.Release|Win32.Build.0 = Release|Win32
		{F2E4FF21-3560-6348-B80A-819819876BB6}.Release|x64.ActiveCfg = Release|x64
		{F2E4FF21-3560-6348-B80A-819819876BB6}.Release|x64.Build.0 = Release|x64
		{F2E4FF21-3560-6348-B80A-819819876BB6}.Debug|Win32.ActiveCfg = Debug|Win32
		{F2E4FF21-3560-6348-B80A-819819876BB6}.Debug|Win32.Build.0 = Debug|Win32
		{F2E4FF21-3560-6348-B80A-819819876BB6}.Debug|x64.ActiveCfg = Debug|x64
		{F2E4FF21-3560-6348-B80A-819819876BB6}.Debug|x64.Build.0 = Debug|x64
		{3290378A-17D6-304E-B324-64EA389C63D6}.Release|Win32.ActiveCfg = Release|Win32
		{3290378A-17D6-304E-B324-64EA389C63D6}.Release|Win32.Build.0 = Release|Win32
		{3290378A-17D6-304E-B324-64EA389C63D6}.Release|x64.ActiveCfg = Release|x64
		{3290378A-17D6-304E-B324-64EA389C63D6}.Release|x64.Build.0 = Release|x64
		{3290378A-17D6-304E-B324-64EA389C63D6}.Debug|Win32.ActiveCfg = Debug|Win32
		{3290378A-17D6-304E-B324-64EA389C63D6}.Debug|Win32.Build.0 = Debug|Win32
		{3290378A-17D6-304E-B324-64EA389C63D6}.Debug|x64.ActiveCfg = Debug|x64
		{3290378A-17D6-304E-B324-64EA389C63D6}.Debug|x64.Build.0 = Debug|x64
		{10BFA5AD-A160-6440-889F-9312005E8775}.Release|Win32.ActiveCfg = Release|Win32
		{10BFA5AD-A160-6440-889F-9312005E8775}.Release|Win32.Build.0 = Release|Win32
		{10BFA5AD-A160-6440-889F-9312005E8775}.Release|x64.ActiveCfg = Release|x64
		{10BFA5AD-A160-6440-889F-9312005E8775}.Release|x64.Build.0 = Release|x64
		{10BFA5AD-A160-6440-889F-9312005E8775}.Debug|Win32.ActiveCfg = Debug|Win32
		{10BFA5AD-A160-6440-889F-9312005E8775}.Debug|Win32.Build.0 = Debug|Win32
		{10BFA5AD-A160-6440-889F-9312005E8775}.Debug|x64.ActiveCfg = Debug|x64
		{10BFA5AD-A160-6440-889F-9312005E8775}.Debug|x64.Build.0 = Debug|x64
		{14AD8DA8-8AC8-0A42-99B2-4BE2B1266417}.Release|Win32.ActiveCfg = Release|Win32
		{14AD8DA8-8AC8-0A42-99B2-4BE2B1266417}.Release|Win32.Build.0 = Release|Win32
		{14AD8DA8-8AC8-0A42-99B2-4BE2B1266417}.Release|x64.ActiveCfg = Release|x64
		{14AD8DA8-8AC8-0A42-99B2-4BE2B1266417}.Release|x64.Build.0 = Release|x64
		{14AD8DA8-8AC8-0A42-99B2-4BE2B1266417}.Debug|Win32.ActiveCfg = Debug|Win32
		{14AD8DA8-8AC8-0A42-99B2-4BE2B1266417}.Debug|Win32.Build.0 = Debug|Win32
		{14AD8DA8-8AC8-0A42-99B2-4BE2B1266417}.Debug|x64.ActiveCfg = Debug|x64
		{14AD8DA8-8AC8-0A42-99B2-4BE2B1266417}.Debug|x64.Build.0 = Debug|x64
		{9512B08B-52CB-6444-99AF-353B501D4E8F}.Release|Win32.ActiveCfg = Release|Win32
		{9512B08B-52CB-6444-99AF-353B501D4E8F}.Release|Win32.Build.0 = Release|Win32
		{9512B08B-52CB-6444-99AF-353B501D4E8F}.Release|x64.ActiveCfg = Release|x64
		{9512B08B-52CB-6444-99AF-353B501D4E8F}.Release|x64.Build.0 = Release|x64
		{9512B08B-52CB-6444-99AF-353B501D4E8F}.Debug|Win32.ActiveCfg = Debug|Win32
		{9512B08B-52CB-6444-99AF-353B501D4E8F}.Debug|Win32.Build.0 = Debug|Win32
		{9512B08B-52CB-6444-99AF-353B501D4E8F}.Debug|x64.ActiveCfg = Debug|x64
		{9512B08B-52CB-6444-99AF-353B501D4E8F}.Debug|x64.Build.0 = Debug|x64
		{956343A4-0C9F-4F4C-B8BF-EBE6423607EB}.Release|Win32.ActiveCfg = Release|Win32
		{956343A4-0C9F-4F4C-B8BF-EBE6423607EB}.Release|Win32.Build.0 = Release|Win32
		{956343A4-0C9F-4F4C-B8BF-EBE6423607EB}.Release|x64.ActiveCfg = Release|x64
		{956343A4-0C9F-4F4C-B8BF-EBE6423607EB}.Release|x64.Build.0 = Release|x64
		{956343A4-0C9F-4F4C-B8BF-EBE6423607EB}.Debug|Win32.ActiveCfg = Debug|Win32
		{956343A4-0C9F-4F4C-B8BF-EBE6423607EB}.Debug|Win32.Build.0 = Debug|Win32
		{956343A4-0C9F-4F4C-B8BF-EBE6423607EB}.Debug|x64.ActiveCfg = Debug|x64
		{956343A4-0C9F-4F4C-B8BF-EBE6423607EB}.Debug|x64.Build.0 = Debug|x64
		{CBBD524C-AEEA-FC4D-AD28-CD4244D1484A}.Release|Win32.ActiveCfg = Release|Win32
		{CBBD524C-AEEA-FC4D-AD28-CD4244D1484A}.Release|Win32.Build.0 = Release|Win32
		{CBBD524C-AEEA-FC4D-AD28-CD4244D1484A}.Release|x64.ActiveCfg = Release|x64
		{CBBD524C-AEEA-FC4D-AD28-CD4244D1484A}.Release|x64.Build.0 = Release|x64
		{CBBD524C-AEEA-FC4D-AD28-CD4244D1484A}.Debug|Win32.ActiveCfg = Debug|Win32
		{CBBD524C-AEEA-FC4D-AD28-CD4244D1484A}.Debug|Win32.Build.0 = Debug|Win32
		{CBBD524C-AEEA-FC4D-AD28-CD4244D1484A}.Debug|x64.ActiveCfg = Debug|x64
		{CBBD524C-AEEA-FC4D-AD28-CD4244D1484A}.Debug|x64.Build.0 = Debug|x64
		{FCEAC47B-D88B-9E4F-801B-A488FF12FACC}.Release|Win32.ActiveCfg = Release|Win32
		{FCEAC47B-D88B-9E4F-801B-A488FF12FACC}.Release|Win32.Build.0 = Release|Win32
		{FCEAC47B-D88B-9E4F-801B-A488FF12FACC}.Release|x64.ActiveCfg = Release|x64
		{FCEAC47B-D88B-9E4F-801B-A488FF12FACC}.Release|x64.Build.0 = Release|x64
		{FCEAC47B-D88B-9E4F-801B-A488FF12FACC}.Debug|Win32.ActiveCfg = Debug|Win32
		{FCEAC47B-D88B-9E4F-801B-A488FF12FACC}.Debug|Win32.Build.0 = Debug|Win32
		{FCEAC47B-D88B-9E4F-801B-A488FF12FACC}.Debug|x64.ActiveCfg = Debug|x64
		{FCEAC47B-D88B-9E4F-801B-A488FF12FACC}.Debug|x64.Build.0 = Debug|x64
		{E21A7312-9D89-CB49-A96F-CB4DC82328CB}.Release|Win32.ActiveCfg = Release|Win32
		{E21A7312-9D89-CB49-A96F-CB4DC82328CB}.Release|Win32.Build.0 = Release|Win32
		{E21A7312-9D89-CB49-A96F-CB4DC82328CB}.Release|x64.ActiveCfg = Release|x64
		{E21A7312-9D89-CB49-A96F-CB4DC82328CB}.Release|x64.Build.0 = Release|x64
		{E21A7312-9D89-CB49-A96F-CB4DC82328CB}.Debug|Win32.ActiveCfg = Debug|Win32
		{E21A7312-9D89-CB49-A96F-CB4DC82328CB}.Debug|Win32.Build.0 = Debug|Win32
		{E21A7312-9D89-CB49-A96F-CB4DC82328CB}.Debug|x64.ActiveCfg = Debug|x64
		{E21A7312-9D89-CB49-A96F-CB4DC82328CB}.Debug|x64.Build.0 = Debug|x64
		{A26AAEAB-A7F7-8146-BA37-60785627E8E8}.Release|Win32.ActiveCfg = Release|Win32
		{A26AAEAB-A7F7-8146-BA37-60785627E8E8}.Release|Win32.Build.0 = Release|Win32
		{A26AAEAB-A7F7-8146-BA37-60785627E8E8}.Release|x64.ActiveCfg = Release|x64
		{A26AAEAB-A7F7-8146-BA37-60785627E8E8}.Release|x64.Build.0 = Release|x64
		{A26AAEAB-A7F7-8146-BA37-60785627E8E8}.Debug|Win32.ActiveCfg = Debug|Win32
		{A26AAEAB-A7F7-8146-BA37-60785627E8E8}.Debug|Win32.Build.0 = Debug|Win32
		{A26AAEAB-A7F7-8146-BA37-60785627E8E8}.Debug|x64.ActiveCfg = Debug|x64
		{A26AAEAB-A7F7-8146-BA37-60785627E8E8}.Debug|x64.Build.0 = Debug|x64
		{BAD5DDEA-61EB-CC42-9282-142B1ACBAF43}.Release|Win32.ActiveCfg = Release|Win32
		{BAD5DDEA-61EB-CC42-9282-142B1ACBAF43}.Release|Win32.Build.0 = Release|Win32
		{BAD5DDEA-61EB-CC42-9282-142B1ACBAF43}.Release|x64.ActiveCfg = Release|x64
		{BAD5DDEA-61EB-CC42-9282-142B1ACBAF43}.Release|x64.Build.0 = Release|x64
		{BAD5DDEA-61EB-CC42-9282-142B1ACBAF43}.Debug|Win32.ActiveCfg = Debug|Win32
		{BAD5DDEA-61EB-CC42-9282-142B1ACBAF43}.Debug|Win32.Build.0 = Debug|Win32
		{BAD5DDEA-61EB-CC42-9282-142B1ACBAF43}.Debug|x64.ActiveCfg = Debug|x64
		{BAD5DDEA-61EB-CC42-9282-142B1ACBAF43}.Debug|x64.Build.0 = Debug|x64
		{A38FB982-6830-2940-86DE-752E04A85831}.Release|Win32.ActiveCfg = Release|Win32
		{A38FB982-6830-2940-86DE-752E04A85831}.Release|Win32.Build.0 = Release|Win32
		{A38FB982-6830-2940-86DE-752E04A85831}.Release|x64.ActiveCfg = Release|x64
		{A38FB982-6830-2940-86DE-752E04A85831}.Release|x64.Build.0 = Release|x64
		{A38FB982-6830-2940-86DE-752E04A85831}.Debug|Win32.ActiveCfg = Debug|Win32
		{A38FB982-6830-2940-86DE-752E04A85831}.Debug|Win32.Build.0 = Debug|Win32
		{A38FB982-6830-2940-86DE-752E04A85831}.Debug|x64.ActiveCfg = Debug|x64
		{A38FB982-6830-2940-86DE-752E04A85831}.Debug|x64.Build.0 = Debug|x64
		{AE02F003-C751-7649-88EC-E1B63E9E8625}.Release|Win32.ActiveCfg = Release|Win32
		{AE02F003-C751-7649-88EC-E1B63E9E8625}.Release|Win32.Build.0 = Release|Win32
		{AE02F003-C751-7649-88EC-E1B63E9E8625}.Release|x64.ActiveCfg = Release|x64
		{AE02F003-C751-7649-88EC-E1B63E9E8625}.Release|x64.Build.0 = Release|x64
		{AE02F003-C751-7649-88EC-E1B63E9E8625}.Debug|Win32.ActiveCfg = Debug|Win32
		{AE02F003-C751-7649-88EC-E1B63E9E8625}.Debug|Win32.Build.0 = Debug|Win32
		{AE02F003-C751-7649-88EC-E1B63E9E8625}.Debug|x64.ActiveCfg = Debug|x64
		{AE02F003-C751-7649-88EC-E1B63E9E8625}.Debug|x64.Build.0 = Debug|x64
		{14867112-B4E4-EA4E-A5B6-CF2127C355CE}.Release|Win32.ActiveCfg = Release|Win32
		{14867112-B4E4-EA4E-A5B6-CF2127C355CE}.Release|Win32.Build.0 = Release|Win32
		{14867112-B4E4-EA4E-A5B6-CF2127C355CE}.Release|x64.ActiveCfg = Release|x64
		{14867112-B4E4-EA4E-A5B6-CF2127C355CE}.Release|x64.Build.0 = Release|x64
		{14867112-B4E4-EA4E-A5B6-CF2127C355CE}.Debug|Win32.ActiveCfg = Debug|Win32
		{14867112-B4E4-EA4E-A5B6-CF2127C355CE}.Debug|Win32.Build.0 = Debug|Win32
		{14867112-B4E4-EA4E-A5B6-CF2127C355CE}.Debug|x64.ActiveCfg = Debug|x64
		{14867112-B4E4-EA4E-A5B6-CF2127C355CE}.Debug|x64.Build.0 = Debug|x64
		{52CC2748-B60A-E449-806E-AC4CA77AB035}.Release|Win32.ActiveCfg = Release|Win32
		{52CC2748-B60A-E449-806E-AC4CA77AB035}.Release|Win32.Build.0 = Release|Win32
		{52CC2748-B60A-E449-806E-AC4CA77AB035}.Release|x64.ActiveCfg = Release|x64
		{52CC2748-B60A-E449-806E-AC4CA77AB035}.Release|x64.Build.0 = Release|x64
		{52CC2748-B60A-E449-806E-AC4CA77AB035}.Debug|Win32.ActiveCfg = Debug|Win32
		{52CC2748-B60A-E449-806E-AC4CA77AB035}.Debug|Win32.Build.0 = Debug|Win32
		{52CC2748-B60A-E449-806E-AC4CA77AB035}.Debug|x64.ActiveCfg = Debug|x64
		{52CC2748-B60A-E449-806E-AC4CA77AB035}.Debug|x64.Build.0 = Debug|x64
		{1F5A2603-FD42-374B-B856-13E57EE3B3B6}.Release|Win32.ActiveCfg = Release|Win32
		{1F5A2603-FD42-374B-B856-13E57EE3B3B6}.Release|Win32.Build.0 = Release|Win32
		{1F5A2603-FD42-374B-B856-13E57EE3B3B6}.Release|x64.ActiveCfg = Release|x64
		{1F5A2603-FD42-374B-B856-13E57EE3B3B6}.Release|x64.Build.0 = Release|x64
		{1F5A2603-FD42-374B-B856-13E57EE3B3B6}.Debug|Win32.ActiveCfg = Debug|Win32
		{1F5A2603-FD42-374B-B856-13E57EE3B3B6}.Debug|Win32.Build.0 = Debug|Win32
		{1F5A2603-FD42-374B-B856-13E57EE3B3B6}.Debug|x64.ActiveCfg = Debug|x64
		{1F5A2603-FD42-374B-B856-13E57EE3B3B6}.Debug|x64.Build.0 = Debug|x64
		{CB7D2C0B-7155-0948-A865-1CAD91BEF546}.Release|Win32.ActiveCfg = Release|Win32
		{CB7D2C0B-7155-0948-A865-1CAD91BEF546}.Release|Win32.Build.0 = Release|Win32
		{CB7D2C0B-7155-0948-A865-1CAD91BEF546}.Release|x64.ActiveCfg = Release|x64
		{CB7D2C0B-7155-0948-A865-1CAD91BEF546}.Release|x64.Build.0 = Release|x64
		{CB7D2C0B-7155-0948-A865-1CAD91BEF546}.Debug|Win32.ActiveCfg = Debug|Win32
		{CB7D2C0B-7155-0948-A865-1CAD91BEF546}.Debug|Win32.Build.0 = Debug|Win32
		{CB7D2C0B-7155-0948-A865-1CAD91BEF546}.Debug|x64.ActiveCfg = Debug|x64
		{CB7D2C0B-7155-0948-A865-1CAD91BEF546}.Debug|x64.Build.0 = Debug|x64
		{F06EACB7-EA98-214D-80B6-3F978E986B39}.Release|Win32.ActiveCfg = Release|Win32
		{F06EACB7-EA98-214D-80B6-3F978E986B39}.Release|Win32.Build.0 = Release|Win32
		{F06EACB7-EA98-214D-80B6-3F978E986B39}.Release|x64.ActiveCfg = Release|x64
		{F06EACB7-EA98-214D-80B6-3F978E986B39}.Release|x64.Build.0 = Release|x64
		{F06EACB7-EA98-214D-80B6-3F978E986B39}.Debug|Win32.ActiveCfg = Debug|Win32
		{F06EACB7-EA98-214D-80B6-3F978E986B39}.Debug|Win32.Build.0 = Debug|Win32
		{F06EACB7-EA98-214D-80B6-3F978E986B39}.Debug|x64.ActiveCfg = Debug|x64
		{F06EACB7-EA98-214D-80B6-3F978E986B39}.Debug|x64.Build.0 = Debug|x64
		{FFAD8103-1DB6-C644-AB55-E32FB438FBB4}.Release|Win32.ActiveCfg = Release|Win32
		{FFAD8103-1DB6-C644-AB55-E32FB438FBB4}.Release|Win32.Build.0 = Release|Win32
		{FFAD8103-1DB6-C644-AB55-E32FB438FBB4}.Release|x64.ActiveCfg = Release|x64
		{FFAD8103-1DB6-C644-AB55-E32FB438FBB4}.Release|x64.Build.0 = Release|x64
		{FFAD8103-1DB6-C644-AB55-E32FB438FBB4}.Debug|Win32.ActiveCfg = Debug|Win32
		{FFAD8103-1DB6-C644-AB55-E32FB438FBB4}.Debug|Win32.Build.0 = Debug|Win32
		{FFAD8103-1DB6-C644-AB55-E32FB438FBB4}.Debug|x64.ActiveCfg = Debug|x64
		{FFAD8103-1DB6-C644-AB55-E32FB438FBB4}.Debug|x64.Build.0 = Debug|x64
		{2BA32F07-8DCF-314D-AF1F-CE94514CED68}.Release|Win32.ActiveCfg = Release|Win32
		{2BA32F07-8DCF-314D-AF1F-CE94514CED68}.Release|Win32.Build.0 = Release|Win32
		{2BA32F07-8DCF-314D-AF1F-CE94514CED68}.Release|x64.ActiveCfg = Release|x64
		{2BA32F07-8DCF-314D-AF1F-CE94514CED68}.Release|x64.Build.0 = Release|x64
		{2BA32F07-8DCF-314D-AF1F-CE94514CED68}.Debug|Win32.ActiveCfg = Debug|Win32
		{2BA32F07-8DCF-314D-AF1F-CE94514CED68}.Debug|Win32.Build.0 = Debug|Win32
		{2BA32F07-8DCF-314D-AF1F-CE94514CED68}.Debug|x64.ActiveCfg = Debug|x64
		{2BA32F07-8DCF-314D-AF1F-CE94514CED68}.Debug|x64.Build.0 = Debug|x64
		{2F199505-1D75-884C-82C7-BFFBCE731EBD}.Release|Win32.ActiveCfg = Release|Win32
		{2F199505-1D75-884C-82C7-BFFBCE731EBD}.Release|Win32.Build.0 = Release|Win32
		{2F199505-1D75-884C-82C7-BFFBCE731EBD}.Release|x64.ActiveCfg = Release|x64
		{2F199505-1D75-884C-82C7-BFFBCE731EBD}.Release|x64.Build.0 = Release|x64
		{2F199505-1D75-884C-82C7-BFFBCE731EBD}.Debug|Win32.ActiveCfg = Debug|Win32
		{2F199505-1D75-884C-82C7-BFFBCE731EBD}.Debug|Win32.Build.0 = Debug|Win32
		{2F199505-1D75-884C-82C7-BFFBCE731EBD}.Debug|x64.ActiveCfg = Debug|x64
		{2F199505-1D75-884C-82C7-BFFBCE731EBD}.Debug|x64.Build.0 = Debug|x64
		{0C68C1DD-8EC8-B141-8734-7BC8B272C312}.Release|Win32.ActiveCfg = Release|Win32
		{0C68C1DD-8EC8-B141-8734-7BC8B272C312}.Release|Win32.Build.0 = Release|Win32
		{0C68C1DD-8EC8-B141-8734-7BC8B272C312}.Release|x64.ActiveCfg = Release|x64
		{0C68C1DD-8EC8-B141-8734-7BC8B272C312}.Release|x64.Build.0 = Release|x64
		{0C68C1DD-8EC8-B141-8734-7BC8B272C312}.Debug|Win32.ActiveCfg = Debug|Win32
		{0C68C1DD-8EC8-B141-8734-7BC8B272C312}.Debug|Win32.Build.0 = Debug|Win32
		{0C68C1DD-8EC8-B141-8734-7BC8B272C312}.Debug|x64.ActiveCfg = Debug|x64
		{0C68C1DD-8EC8-B141-8734-7BC8B272C312}.Debug|x64.Build.0 = Debug|x64
		{04B5DE58-6787-4248-A81D-746ACE8DA37E}.Release|Win32.ActiveCfg = Release|Win32
		{04B5DE58-6787-4248-A81D-746ACE8DA37E}.Release|Win32.Build.0 = Release|Win32
		{04B5DE58-6787-4248-A81D-746ACE8DA37E}.Release|x64.ActiveCfg = Release|x64
		{04B5DE58-6787-4248-A81D-746ACE8DA37E}.Release|x64.Build.0 = Release|x64
		{04B5DE58-6787-4248-A81D-746ACE8DA37E}.Debug|Win32.ActiveCfg = Debug|Win32
		{04B5DE58-6787-4248-A81D-746ACE8DA37E}.Debug|Win32.Build.0 = Debug|Win32
		{04B5DE58-6787-4248-A81D-746ACE8DA37E}.Debug|x64.ActiveCfg = Debug|x64
		{04B5DE58-6787-4248-A81D-746ACE8DA37E}.Debug|x64.Build.0 = Debug|x64
		{2B41AF32-5BD7-2E4C-AE0D-E2F3BF7749EB}.Release|Win32.ActiveCfg = Release|Win32
		{2B41AF32-5BD7-2E4C-AE0D-E2F3BF7749EB}.Release|Win32.Build.0 = Release|Win32
		{2B41AF32-5BD7-2E4C-AE0D-E2F3BF7749EB}.Release|x64.ActiveCfg = Release|x64
		{2B41AF32-5BD7-2E4C-AE0D-E2F3BF7749EB}.Release|x64.Build.0 = Release|x64
		{2B41AF32-5BD7-2E4C-AE0D-E2F3BF7749EB}.Debug|Win32.ActiveCfg = Debug|Win32
		{2B41AF32-5BD7-2E4C-AE0D-E2F3BF7749EB}.Debug|Win32.Build.0 = Debug|Win32
		{2B41AF32-5BD7-2E4C-AE0D-E2F3BF7749EB}.Debug|x64.ActiveCfg = Debug|x64
		{2B41AF32-5BD7-2E4C-AE0D-E2F3BF7749EB}.Debug|x64.Build.0 = Debug|x64
		{ED308679-4F8F-0542-939C-AE1E51B1F59C}.Release|Win32.ActiveCfg = Release|Win32
		{ED308679-4F8F-0542-939C-AE1E51B1F59C}.Release|Win32.Build.0 = Release|Win32
		{ED308679-4F8F-0542-939C-AE1E51B1F59C}.Release|x64.ActiveCfg = Release|x64
		{ED308679-4F8F-0542-939C-AE1E51B1F59C}.Release|x64.Build.0 = Release|x64
		{ED308679-4F8F-0542-939C-AE1E51B1F59C}.Debug|Win32.ActiveCfg = Debug|Win32
		{ED308679-4F8F-0542-939C-AE1E51B1F59C}.Debug|Win32.Build.0 = Debug|Win32
		{ED308679-4F8F-0542-939C-AE1E51B1F59C}.Debug|x64.ActiveCfg = Debug|x64
		{ED308679-4F8F-0542-939C-AE1E51B1F59C}.Debug|x64.Build.0 = Debug|x64
		{6A37C8B6-3C2B-FE4C-AFA3-383FE36C9400}.Release|Win32.ActiveCfg = Release|Win32
		{6A37C8B6-3C2B-FE4C-AFA3-383FE36C9400}.Release|Win32.Build.0 = Release|Win32
		{6A37C8B6-3C2B-FE4C-AFA3-383FE36C9400}.Release|x64.ActiveCfg = Release|x64
		{6A37C8B6-3C2B-FE4C-AFA3-383FE36C9400}.Release|x64.Build.0 = Release|x64
		{6A37C8B6-3C2B-FE4C-AFA3-383FE36C9400}.Debug|Win32.ActiveCfg = Debug|Win32
		{6A37C8B6-3C2B-FE4C-AFA3-383FE36C9400}.Debug|Win32.Build.0 = Debug|Win32
		{6A37C8B6-3C2B-FE4C-AFA3-383FE36C9400}.Debug|x64.ActiveCfg = Debug|x64
		{6A37C8B6-3C2B-FE4C-AFA3-383FE36C9400}.Debug|x64.Build.0 = Debug|x64
		{99BD42B8-2EBA-D24E-B908-C420ED5CD7C9}.Release|Win32.ActiveCfg = Release|Win32
		{99BD42B8-2EBA-D24E-B908-C420ED5CD7C9}.Release|Win32.Build.0 = Release|Win32
		{99BD42B8-2EBA-D24E-B908-C420ED5CD7C9}.Release|x64.ActiveCfg = Release|x64
		{99BD42B8-2EBA-D24E-B908-C420ED5CD7C9}.Release|x64.Build.0 = Release|x64
		{99BD42B8-2EBA-D24E-B908-C420ED5CD7C9}.Debug|Win32.ActiveCfg = Debug|Win32
		{99BD42B8-2EBA-D24E-B908-C420ED5CD7C9}.Debug|Win32.Build.0 = Debug|Win32
		{99BD42B8-2EBA-D24E-B908-C420ED5CD7C9}.Debug|x64.ActiveCfg = Debug|x64
		{99BD42B8-2EBA-D24E-B908-C420ED5CD7C9}.Debug|x64.Build.0 = Debug|x64
		{4525743A-CCFA-B341-908E-28F286A46B1F}.Release|Win32.ActiveCfg = Release|Win32
		{4525743A-CCFA-B341-908E-28F286A46B1F}.Release|Win32.Build.0 = Release|Win32
		{4525743A-CCFA-B341-908E-28F286A46B1F}.Release|x64.ActiveCfg = Release|x64
		{4525743A-CCFA-B341-908E-28F286A46B1F}.Release|x64.Build.0 = Release|x64
		{4525743A-CCFA-B341-908E-28F286A46B1F}.Debug|Win32.ActiveCfg = Debug|Win32
		{4525743A-CCFA-B341-908E-28F286A46B1F}.Debug|Win32.Build.0 = Debug|Win32
		{4525743A-CCFA-B341-908E-28F286A46B1F}.Debug|x64.ActiveCfg = Debug|x64
		{4525743A-CCFA-B341-908E-28F286A46B1F}.Debug|x64.Build.0 = Debug|x64
		{94F82611-88FF-874D-BA60-531304DDD37A}.Release|Win32.ActiveCfg = Release|Win32
		{94F82611-88FF-874D-BA60-531304DDD37A}.Release|Win32.Build.0 = Release|Win32
		{94F82611-88FF-874D-BA60-531304DDD37A}.Release|x64.ActiveCfg = Release|x64
		{94F82611-88FF-874D-BA60-531304DDD37A}.Release|x64.Build.0 = Release|x64
		{94F82611-88FF-874D-BA60-531304DDD37A}.Debug|Win32.ActiveCfg = Debug|Win32
		{94F82611-88FF-874D-BA60-531304DDD37A}.Debug|Win32.Build.0 = Debug|Win32
		{94F82611-88FF-874D-BA60-531304DDD37A}.Debug|x64.ActiveCfg = Debug|x64
		{94F82611-88FF-874D-BA60-531304DDD37A}.Debug|x64.Build.0 = Debug|x64
		{2B61DA1E-47E1-2B47-BA27-6470B0FD3151}.Release|Win32.ActiveCfg = Release|Win32
		{2B61DA1E-47E1-2B47-BA27-6470B0FD3151}.Release|Win32.Build.0 = Release|Win32
		{2B61DA1E-47E1-2B47-BA27-6470B0FD3151}.Release|x64.ActiveCfg = Release|x64
		{2B61DA1E-47E1-2B47-BA27-6470B0FD3151}.Release|x64.Build.0 = Release|x64
		{2B61DA1E-47E1-2B47-BA27-6470B0FD3151}.Debug|Win32.ActiveCfg = Debug|Win32
		{2B61DA1E-47E1-2B47-BA27-6470B0FD3151}.Debug|Win32.Build.0 = Debug|Win32
		{2B61DA1E-47E1-2B47-BA27-6470B0FD3151}.Debug|x64.ActiveCfg = Debug|x64
		{2B61DA1E-47E1-2B47-BA27-6470B0FD3151}.Debug|x64.Build.0 = Debug|x64
		{C05A4771-399F-4B4A-8527-ECA0B229B62A}.Release|Win32.ActiveCfg = Release|Win32
		{C05A4771-399F-4B4A-8527-ECA0B229B62A}.Release|Win32.Build.0 = Release|Win32
		{C05A4771-399F-4B4A-8527-ECA0B229B62A}.Release|x64.ActiveCfg = Release|x64
		{C05A4771-399F-4B4A-8527-ECA0B229B62A}.Release|x64.Build.0 = Release|x64
		{C05A4771-399F-4B4A-8527-ECA0B229B62A}.Debug|Win32.ActiveCfg = Debug|Win32
		{C05A4771-399F-4B4A-8527-ECA0B229B62A}.Debug|Win32.Build.0 = Debug|Win32
		{C05A4771-399F-4B4A-8527-ECA0B229B62A}.Debug|x64.ActiveCfg = Debug|x64
		{C05A4771-399F-4B4A-8527-ECA0B229B62A}.Debug|x64.Build.0 = Debug|x64
		{B36D33EC-1E3A-154C-BA94-629827F68D18}.Release|Win32.ActiveCfg = Release|Win32
		{B36D33EC-1E3A-154C-BA94-629827F68D18}.Release|Win32.Build.0 = Release|Win32
		{B36D33EC-1E3A-154C-BA94-629827F68D18}.Release|x64.ActiveCfg = Release|x64
		{B36D33EC-1E3A-154C-BA94-629827F68D18}.Release|x64.Build.0 = Release|x64
		{B36D33EC-1E3A-154C-BA94-629827F68D18}.Debug|Win32.ActiveCfg = Debug|Win32
		{B36D33EC-1E3A-154C-BA94-629827F68D18}.Debug|Win32.Build.0 = Debug|Win32
		{B36D33EC-1E3A-154C-BA94-629827F68D18}.Debug|x64.ActiveCfg = Debug|x64
		{B36D33EC-1E3A-154C-BA94-629827F68D18}.Debug|x64.Build.0 = Debug|x64
		{1E200BD6-F31C-364B-AED9-54AE75B89919}.Release|Win32.ActiveCfg = Release|Win32
		{1E200BD6-F31C-364B-AED9-54AE75B89919}.Release|Win32.Build.0 = Release|Win32
		{1E200BD6-F31C-364B-AED9-54AE75B89919}.Release|x64.ActiveCfg = Release|x64
		{1E200BD6-F31C-364B-AED9-54AE75B89919}.Release|x64.Build.0 = Release|x64
		{1E200BD6-F31C-364B-AED9-54AE75B89919}.Debug|Win32.ActiveCfg = Debug|Win32
		{1E200BD6-F31C-364B-AED9-54AE75B89919}.Debug|Win32.Build.0 = Debug|Win32
		{1E200BD6-F31C-364B-AED9-54AE75B89919}.Debug|x64.ActiveCfg = Debug|x64
		{1E200BD6-F31C-364B-AED9-54AE75B89919}.Debug|x64.Build.0 = Debug|x64
		{E8702E1B-9A7D-7A49-AD0E-C642D77B554B}.Release|Win32.ActiveCfg = Release|Win32
		{E8702E1B-9A7D-7A49-AD0E-C642D77B554B}.Release|Win32.Build.0 = Release|Win32
		{E8702E1B-9A7D-7A49-AD0E-C642D77B554B}.Release|x64.ActiveCfg = Release|x64
		{E8702E1B-9A7D-7A49-AD0E-C642D77B554B}.Release|x64.Build.0 = Release|x64
		{E8702E1B-9A7D-7A49-AD0E-C642D77B554B}.Debug|Win32.ActiveCfg = Debug|Win32
		{E8702E1B-9A7D-7A49-AD0E-C642D77B554B}.Debug|Win32.Build.0 = Debug|Win32
		{E8702E1B-9A7D-7A49-AD0E-C642D77B554B}.Debug|x64.ActiveCfg = Debug|x64
		{E8702E1B-9A7D-7A49-AD0E-C642D77B554B}.Debug|x64.Build.0 = Debug|x64
		{FDD46DBE-6D43-D544-A527-55BD5F33221C}.Release|Win32.ActiveCfg = Release|Win32
		{FDD46DBE-6D43-D544-A527-55BD5F33221C}.Release|Win32.Build.0 = Release|Win32
		{FDD46DBE-6D43-D544-A527-55BD5F33221C}.Release|x64.ActiveCfg = Release|x64
		{FDD46DBE-6D43-D544-A527-55BD5F33221C}.Release|x64.Build.0 = Release|x64
		{FDD46DBE-6D43-D544-A527-55BD5F33221C}.Debug|Win32.ActiveCfg = Debug|Win32
		{FDD46DBE-6D43-D544-A527-55BD5F33221C}.Debug|Win32.Build.0 = Debug|Win32
		{FDD46DBE-6D43-D544-A527-55BD5F33221C}.Debug|x64.ActiveCfg = Debug|x64
		{FDD46DBE-6D43-D544-A527-55BD5F33221C}.Debug|x64.Build.0 = Debug|x64
		{EFB6CC0F-782B-CB40-8EA9-7896C65919C9}.Release|Win32.ActiveCfg = Release|Win32
		{EFB6CC0F-782B-CB40-8EA9-7896C65919C9}.Release|Win32.Build.0 = Release|Win32
		{EFB6CC0F-782B-CB40-8EA9-7896C65919C9}.Release|x64.ActiveCfg = Release|x64
		{EFB6CC0F-782B-CB40-8EA9-7896C65919C9}.Release|x64.Build.0 = Release|x64
		{EFB6CC0F-782B-CB40-8EA9-7896C65919C9}.Debug|Win32.ActiveCfg = Debug|Win32
		{EFB6CC0F-782B-CB40-8EA9-7896C65919C9}.Debug|Win32.Build.0 = Debug|Win32
		{EFB6CC0F-782B-CB40-8EA9-7896C65919C9}.Debug|x64.ActiveCfg = Debug|x64
		{EFB6CC0F-782B-CB40-8EA9-7896C65919C9}.Debug|x64.Build.0 = Debug|x64
		{33FCE26D-D3E8-0643-BDC0-74B5D874B3AC}.Release|Win32.ActiveCfg = Release|Win32
		{33FCE26D-D3E8-0643-BDC0-74B5D874B3AC}.Release|Win32.Build.0 = Release|Win32
		{33FCE26D-D3E8-0643-BDC0-74B5D874B3AC}.Release|x64.ActiveCfg = Release|x64
		{33FCE26D-D3E8-0643-BDC0-74B5D874B3AC}.Release|x64.Build.0 = Release|x64
		{33FCE26D-D3E8-0643-BDC0-74B5D874B3AC}.Debug|Win32.ActiveCfg = Debug|Win32
		{33FCE26D-D3E8-0643-BDC0-74B5D874B3AC}.Debug|Win32.Build.0 = Debug|Win32
		{33FCE26D-D3E8-0643-BDC0-74B5D874B3AC}.Debug|x64.ActiveCfg = Debug|x64
		{33FCE26D-D3E8-0643-BDC0-74B5D874B3AC}.Debug|x64.Build.0 = Debug|x64
		{1416A3EF-2E5E-114F-B50A-E9ED740D312C}.Release|Win32.ActiveCfg = Release|Win32
		{1416A3EF-2E5E-114F-B50A-E9ED740D312C}.Release|Win32.Build.0 = Release|Win32
		{1416A3EF-2E5E-114F-B50A-E9ED740D312C}.Release|x64.ActiveCfg = Release|x64
		{1416A3EF-2E5E-114F-B50A-E9ED740D312C}.Release|x64.Build.0 = Release|x64
		{1416A3EF-2E5E-114F-B50A-E9ED740D312C}.Debug|Win32.ActiveCfg = Debug|Win32
		{1416A3EF-2E5E-114F-B50A-E9ED740D312C}.Debug|Win32.Build.0 = Debug|Win32
		{1416A3EF-2E5E-114F-B50A-E9ED740D312C}.Debug|x64.ActiveCfg = Debug|x64
		{1416A3EF-2E5E-114F-B50A-E9ED740D312C}.Debug|x64.Build.0 = Debug|x64
		{070AC509-A707-DE48-96ED-9FE408A8B107}.Release|Win32.ActiveCfg = Release|Win32
		{070AC509-A707-DE48-96ED-9FE408A8B107}.Release|Win32.Build.0 = Release|Win32
		{070AC509-A707-DE48-96ED-9FE408A8B107}.Release|x64.ActiveCfg = Release|x64
		{070AC509-A707-DE48-96ED-9FE408A8B107}.Release|x64.Build.0 = Release|x64
		{070AC509-A707-DE48-96ED-9FE408A8B107}.Debug|Win32.ActiveCfg = Debug|Win32
		{070AC509-A707-DE48-96ED-9FE408A8B107}.Debug|Win32.Build.0 = Debug|Win32
		{070AC509-A707-DE48-96ED-9FE408A8B107}.Debug|x64.ActiveCfg = Debug|x64
		{070AC509-A707-DE48-96ED-9FE408A8B107}.Debug|x64.Build.0 = Debug|x64
		{48985784-CAF5-D846-9FAF-96CCAD706BB0}.Release|Win32.ActiveCfg = Release|Win32
		{48985784-CAF5-D846-9FAF-96CCAD706BB0}.Release|Win32.Build.0 = Release|Win32
		{48985784-CAF5-D846-9FAF-96CCAD706BB0}.Release|x64.ActiveCfg = Release|x64
		{48985784-CAF5-D846-9FAF-96CCAD706BB0}.Release|x64.Build.0 = Release|x64
		{48985784-CAF5-D846-9FAF-96CCAD706BB0}.Debug|Win32.ActiveCfg = Debug|Win32
		{48985784-CAF5-D846-9FAF-96CCAD706BB0}.Debug|Win32.Build.0 = Debug|Win32
		{48985784-CAF5-D846-9FAF-96CCAD706BB0}.Debug|x64.ActiveCfg = Debug|x64
		{48985784-CAF5-D846-9FAF-96CCAD706BB0}.Debug|x64.Build.0 = Debug|x64
		{6ACB5838-A5F2-C240-B8B0-B83DE7E46859}.Release|Win32.ActiveCfg = Release|Win32
		{6ACB5838-A5F2-C240-B8B0-B83DE7E46859}.Release|Win32.Build.0 = Release|Win32
		{6ACB5838-A5F2-C240-B8B0-B83DE7E46859}.Release|x64.ActiveCfg = Release|x64
		{6ACB5838-A5F2-C240-B8B0-B83DE7E46859}.Release|x64.Build.0 = Release|x64
		{6ACB5838-A5F2-C240-B8B0-B83DE7E46859}.Debug|Win32.ActiveCfg = Debug|Win32
		{6ACB5838-A5F2-C240-B8B0-B83DE7E46859}.Debug|Win32.Build.0 = Debug|Win32
		{6ACB5838-A5F2-C240-B8B0-B83DE7E46859}.Debug|x64.ActiveCfg = Debug|x64
		{6ACB5838-A5F2-C240-B8B0-B83DE7E46859}.Debug|x64.Build.0 = Debug|x64
		{CCEFE7A1-C9BD-9047-9E26-49C980B9C3DF}.Release|Win32.ActiveCfg = Release|Win32
		{CCEFE7A1-C9BD-9047-9E26-49C980B9C3DF}.Release|Win32.Build.0 = Release|Win32
		{CCEFE7A1-C9BD-9047-9E26-49C980B9C3DF}.Release|x64.ActiveCfg = Release|x64
		{CCEFE7A1-C9BD-9047-9E26-49C980B9C3DF}.Release|x64.Build.0 = Release|x64
		{CCEFE7A1-C9BD-9047-9E26-49C980B9C3DF}.Debug|Win32.ActiveCfg = Debug|Win32
		{CCEFE7A1-C9BD-9047-9E26-49C980B9C3DF}.Debug|Win32.Build.0 = Debug|Win32
		{CCEFE7A1-C9BD-9047-9E26-49C980B9C3DF}.Debug|x64.ActiveCfg = Debug|x64
		{CCEFE7A1-C9BD-9047-9E26-49C980B9C3DF}.Debug|x64.Build.0 = Debug|x64
		{F6852CB1-C043-6745-86D3-74ADA5DB2F6C}.Release|Win32.ActiveCfg = Release|Win32
		{F6852CB1-C043-6745-86D3-74ADA5DB2F6C}.Release|Win32.Build.0 = Release|Win32
		{F6852CB1-C043-6745-86D3-74ADA5DB2F6C}.Release|x64.ActiveCfg = Release|x64
		{F6852CB1-C043-6745-86D3-74ADA5DB2F6C}.Release|x64.Build.0 = Release|x64
		{F6852CB1-C043-6745-86D3-74ADA5DB2F6C}.Debug|Win32.ActiveCfg = Debug|Win32
		{F6852CB1-C043-6745-86D3-74ADA5DB2F6C}.Debug|Win32.Build.0 = Debug|Win32
		{F6852CB1-C043-6745-86D3-74ADA5DB2F6C}.Debug|x64.ActiveCfg = Debug|x64
		{F6852CB1-C043-6745-86D3-74ADA5DB2F6C}.Debug|x64.Build.0 = Debug|x64
		{560C5360-6BCD-2847-A0C1-56031D58CAC6}.Release|Win32.ActiveCfg = Release|Win32
		{560C5360-6BCD-2847-A0C1-56031D58CAC6}.Release|Win32.Build.0 = Release|Win32
		{560C5360-6BCD-2847-A0C1-56031D58CAC6}.Release|x64.ActiveCfg = Release|x64
		{560C5360-6BCD-2847-A0C1-56031D58CAC6}.Release|x64.Build.0 = Release|x64
		{560C5360-6BCD-2847-A0C1-56031D58CAC6}.Debug|Win32.ActiveCfg = Debug|Win32
		{560C5360-6BCD-2847-A0C1-56031D58CAC6}.Debug|Win32.Build.0 = Debug|Win32
		{560C5360-6BCD-2847-A0C1-56031D58CAC6}.Debug|x64.ActiveCfg = Debug|x64
		{560C5360-6BCD-2847-A0C1-56031D58CAC6}.Debug|x64.Build.0 = Debug|x64
		{2A6659D3-DDA0-A74E-837C-4BB1A5E3C263}.Release|Win32.ActiveCfg = Release|Win32
		{2A6659D3-DDA0-A74E-837C-4BB1A5E3C263}.Release|Win32.Build.0 = Release|Win32
		{2A6659D3-DDA0-A74E-837C-4BB1A5E3C263}.Release|x64.ActiveCfg = Release|x64
		{2A6659D3-DDA0-A74E-837C-4BB1A5E3C263}.Release|x64.Build.0 = Release|x64
		{2A6659D3-DDA0-A74E-837C-4BB1A5E3C263}.Debug|Win32.ActiveCfg = Debug|Win32
		{2A6659D3-DDA0-A74E-837C-4BB1A5E3C263}.Debug|Win32.Build.0 = Debug|Win32
		{2A6659D3-DDA0-A74E-837C-4BB1A5E3C263}.Debug|x64.ActiveCfg = Debug|x64
		{2A6659D3-DDA0-A74E-837C-4BB1A5E3C263}.Debug|x64.Build.0 = Debug|x64
		{37BCAE19-DC1C-A848-9B7B-4AA9E850627D}.Release|Win32.ActiveCfg = Release|Win32
		{37BCAE19-DC1C-A848-9B7B-4AA9E850627D}.Release|Win32.Build.0 = Release|Win32
		{37BCAE19-DC1C-A848-9B7B-4AA9E850627D}.Release|x64.ActiveCfg = Release|x64
		{37BCAE19-DC1C-A848-9B7B-4AA9E850627D}.Release|x64.Build.0 = Release|x64
		{37BCAE19-DC1C-A848-9B7B-4AA9E850627D}.Debug|Win32.ActiveCfg = Debug|Win32
		{37BCAE19-DC1C-A848-9B7B-4AA9E850627D}.Debug|Win32.Build.0 = Debug|Win32
		{37BCAE19-DC1C-A848-9B7B-4AA9E850627D}.Debug|x64.ActiveCfg = Debug|x64
		{37BCAE19-DC1C-A848-9B7B-4AA9E850627D}.Debug|x64.Build.0 = Debug|x64
		{1CE092FA-6B27-9248-8917-B9D784B3A1C4}.Release|Win32.ActiveCfg = Release|Win32
		{1CE092FA-6B27-9248-8917-B9D784B3A1C4}.Release|Win32.Build.0 = Release|Win32
		{1CE092FA-6B27-9248-8917-B9D784B3A1C4}.Release|x64.ActiveCfg = Release|x64
		{1CE092FA-6B27-9248-8917-B9D784B3A1C4}.Release|x64.Build.0 = Release|x64
		{1CE092FA-6B27-9248-8917-B9D784B3A1C4}.Debug|Win32.ActiveCfg = Debug|Win32
		{1CE092FA-6B27-9248-8917-B9D784B3A1C4}.Debug|Win32.Build.0 = Debug|Win32
		{1CE092FA-6B27-9248-8917-B9D784B3A1C4}.Debug|x64.ActiveCfg = Debug|x64
		{1CE092FA-6B27-9248-8917-B9D784B3A1C4}.Debug|x64.Build.0 = Debug|x64
		{49E63A9F-5374-BA4D-BAB2-10C16AB57992}.Release|Win32.ActiveCfg = Release|Win32
		{49E63A9F-5374-BA4D-BAB2-10C16AB57992}.Release|Win32.Build.0 = Release|Win32
		{49E63A9F-5374-BA4D-BAB2-10C16AB57992}.Release|x64.ActiveCfg = Release|x64
		{49E63A9F-5374-BA4D-BAB2-10C16AB57992}.Release|x64.Build.0 = Release|x64
		{49E63A9F-5374-BA4D-BAB2-10C16AB57992}.Debug|Win32.ActiveCfg = Debug|Win32
		{49E63A9F-5374-BA4D-BAB2-10C16AB57992}.Debug|Win32.Build.0 = Debug|Win32
		{49E63A9F-5374-BA4D-BAB2-10C16AB57992}.Debug|x64.ActiveCfg = Debug|x64
		{49E63A9F-5374-BA4D-BAB2-10C16AB57992}.Debug|x64.Build.0 = Debug|x64
		{B0C2FC5C-E188-0844-9A4D-805AF273AADB}.Release|Win32.ActiveCfg = Release|Win32
		{B0C2FC5C-E188-0844-9A4D-805AF273AADB}.Release|Win32.Build.0 = Release|Win32
		{B0C2FC5C-E188-0844-9A4D-805AF273AADB}.Release|x64.ActiveCfg = Release|x64
		{B0C2FC5C-E188-0844-9A4D-805AF273AADB}.Release|x64.Build.0 = Release|x64
		{B0C2FC5C-E188-0844-9A4D-805AF273AADB}.Debug|Win32.ActiveCfg = Debug|Win32
		{B0C2FC5C-E188-0844-9A4D-805AF273AADB}.Debug|Win32.Build.0 = Debug|Win32
		{B0C2FC5C-E188-0844-9A4D-805AF273AADB}.Debug|x64.ActiveCfg = Debug|x64
		{B0C2FC5C-E188-0844-9A4D-805AF273AADB}.Debug|x64.Build.0 = Debug|x64
		{9AC01A47-1A4A-204C-8D44-4717CFF1E850}.Release|Win32.ActiveCfg = Release|Win32
		{9AC01A47-1A4A-204C-8D44-4717CFF1E850}.Release|Win32.Build.0 = Release|Win32
		{9AC01A47-1A4A-204C-8D44-4717CFF1E850}.Release|x64.ActiveCfg = Release|x64
		{9AC01A47-1A4A-204C-8D44-4717CFF1E850}.Release|x64.Build.0 = Release|x64
		{9AC01A47-1A4A-204C-8D44-4717CFF1E850}.Debug|Win32.ActiveCfg = Debug|Win32
		{9AC01A47-1A4A-204C-8D44-4717CFF1E850}.Debug|Win32.Build.0 = Debug|Win32
		{9AC01A47-1A4A-204C-8D44-4717CFF1E850}.Debug|x64.ActiveCfg = Debug|x64
		{9AC01A47-1A4A-204C-8D44-4717CFF1E850}.Debug|x64.Build.0 = Debug|x64
		{3FC5B2B2-EAFD-C848-87EF-6A95A27825A9}.Release|Win32.ActiveCfg = Release|Win32
		{3FC5B2B2-EAFD-C848-87EF-6A95A27825A9}.Release|Win32.Build.0 = Release|Win32
		{3FC5B2B2-EAFD-C848-87EF-6A95A27825A9}.Release|x64.ActiveCfg = Release|x64
		{3FC5B2B2-EAFD-C848-87EF-6A95A27825A9}.Release|x64.Build.0 = Release|x64
		{3FC5B2B2-EAFD-C848-87EF-6A95A27825A9}.Debug|Win32.ActiveCfg = Debug|Win32
		{3FC5B2B2-EAFD-C848-87EF-6A95A27825A9}.Debug|Win32.Build.0 = Debug|Win32
		{3FC5B2B2-EAFD-C848-87EF-6A95A27825A9}.Debug|x64.ActiveCfg = Debug|x64
		{3FC5B2B2-EAFD-C848-87EF-6A95A27825A9}.Debug|x64.Build.0 = Debug|x64
		{AED6F72D-9852-FE4B-A5D3-F638480F483F}.Release|Win32.ActiveCfg = Release|Win32
		{AED6F72D-9852-FE4B-A5D3-F638480F483F}.Release|Win32.Build.0 = Release|Win32
		{AED6F72D-9852-FE4B-A5D3-F638480F483F}.Release|x64.ActiveCfg = Release|x64
		{AED6F72D-9852-FE4B-A5D3-F638480F483F}.Release|x64.Build.0 = Release|x64
		{AED6F72D-9852-FE4B-A5D3-F638480F483F}.Debug|Win32.ActiveCfg = Debug|Win32
		{AED6F72D-9852-FE4B-A5D3-F638480F483F}.Debug|Win32.Build.0 = Debug|Win32
		{AED6F72D-9852-FE4B-A5D3-F638480F483F}.Debug|x64.ActiveCfg = Debug|x64
		{AED6F72D-9852-FE4B-A5D3-F638480F483F}.Debug|x64.Build.0 = Debug|x64
		{BD1E509C-F926-A142-A234-5809E047ABE8}.Release|Win32.ActiveCfg = Release|Win32
		{BD1E509C-F926-A142-A234-5809E047ABE8}.Release|Win32.Build.0 = Release|Win32
		{BD1E509C-F926-A142-A234-5809E047ABE8}.Release|x64.ActiveCfg = Release|x64
		{BD1E509C-F926-A142-A234-5809E047ABE8}.Release|x64.Build.0 = Release|x64
		{BD1E509C-F926-A142-A234-5809E047ABE8}.Debug|Win32.ActiveCfg = Debug|Win32
		{BD1E509C-F926-A142-A234-5809E047ABE8}.Debug|Win32.Build.0 = Debug|Win32
		{BD1E509C-F926-A142-A234-5809E047ABE8}.Debug|x64.ActiveCfg = Debug|x64
		{BD1E509C-F926-A142-A234-5809E047ABE8}.Debug|x64.Build.0 = Debug|x64
		{A55EA26A-DED4-A641-B85E-BA3351202AD1}.Release|Win32.ActiveCfg = Release|Win32
		{A55EA26A-DED4-A641-B85E-BA3351202AD1}.Release|Win32.Build.0 = Release|Win32
		{A55EA26A-DED4-A641-B85E-BA3351202AD1}.Release|x64.ActiveCfg = Release|x64
		{A55EA26A-DED4-A641-B85E-BA3351202AD1}.Release|x64.Build.0 = Release|x64
		{A55EA26A-DED4-A641-B85E-BA3351202AD1}.Debug|Win32.ActiveCfg = Debug|Win32
		{A55EA26A-DED4-A641-B85E-BA3351202AD1}.Debug|Win32.Build.0 = Debug|Win32
		{A55EA26A-DED4-A641-B85E-BA3351202AD1}.Debug|x64.ActiveCfg = Debug|x64
		{A55EA26A-DED4-A641-B85E-BA3351202AD1}.Debug|x64.Build.0 = Debug|x64
	EndGlobalSection
	GlobalSection(SolutionProperties) = preSolution
		HideSolutionNode = FALSE
	EndGlobalSection
EndGlobal
