<?xml version="1.0" encoding="utf-8"?>
<Project ToolsVersion="4.0" xmlns="http://schemas.microsoft.com/developer/msbuild/2003">
  <ItemGroup>
    <Filter Include="examples">
      <UniqueIdentifier>{761A30CF-A283-9C42-B010-1021397600D2}</UniqueIdentifier>
    </Filter>
    <Filter Include="examples\ExtendedTutorials">
      <UniqueIdentifier>{443A0CB0-6696-E640-8FEB-9CB7745C8005}</UniqueIdentifier>
    </Filter>
    <Filter Include="examples\StandaloneMain">
      <UniqueIdentifier>{78EA040D-F73E-8E49-A2DC-BCB712778C9A}</UniqueIdentifier>
    </Filter>
    <Filter Include="examples\OpenGLWindow">
      <UniqueIdentifier>{14719781-FDEF-DA4E-83A6-68B2DD234916}</UniqueIdentifier>
    </Filter>
    <Filter Include="examples\ExampleBrowser">
      <UniqueIdentifier>{400DC66D-2537-5645-9051-900CC4669F58}</UniqueIdentifier>
    </Filter>
    <Filter Include="examples\CommonInterfaces">
      <UniqueIdentifier>{94867780-3C24-FF4C-A760-348DCB3A2EEF}</UniqueIdentifier>
    </Filter>
    <Filter Include="examples\TinyRenderer">
      <UniqueIdentifier>{0C1D33F6-293A-E24F-988F-64192F618D82}</UniqueIdentifier>
    </Filter>
    <Filter Include="examples\Utils">
      <UniqueIdentifier>{D7126305-96ED-8843-9662-59CAB2763A85}</UniqueIdentifier>
    </Filter>
    <Filter Include="examples\RenderingExamples">
      <UniqueIdentifier>{E0CBE403-23C9-EF48-9035-D4823A33EC8A}</UniqueIdentifier>
    </Filter>
    <Filter Include="examples\MultiBody">
      <UniqueIdentifier>{DA0E634C-CA78-C949-B00E-423D6F8A062D}</UniqueIdentifier>
    </Filter>
    <Filter Include="examples\ThirdPartyLibs">
      <UniqueIdentifier>{20F8CDD3-A408-5349-A610-6A584DF10727}</UniqueIdentifier>
    </Filter>
    <Filter Include="examples\ThirdPartyLibs\tinyxml">
      <UniqueIdentifier>{E87E401D-A58D-9943-B29E-DF04680A860F}</UniqueIdentifier>
    </Filter>
    <Filter Include="examples\ThirdPartyLibs\Wavefront">
      <UniqueIdentifier>{536CB088-7419-8B43-9306-A29F80D4ED1C}</UniqueIdentifier>
    </Filter>
    <Filter Include="examples\Importers">
      <UniqueIdentifier>{992DD565-A89F-4F4F-B21B-69A2A1A9398F}</UniqueIdentifier>
    </Filter>
    <Filter Include="examples\Importers\ImportColladaDemo">
      <UniqueIdentifier>{688AFA79-1A65-2D4C-BA0B-762E958E407D}</UniqueIdentifier>
    </Filter>
    <Filter Include="examples\Importers\ImportObjDemo">
      <UniqueIdentifier>{EEC80BD7-67B1-6F49-AC93-77FAD8A9226B}</UniqueIdentifier>
    </Filter>
    <Filter Include="examples\Importers\ImportURDFDemo">
      <UniqueIdentifier>{3D3A0C0F-8826-4541-8621-1FFCC27FF5B9}</UniqueIdentifier>
    </Filter>
    <Filter Include="examples\Importers\ImportMeshUtility">
      <UniqueIdentifier>{18F59C91-E898-114D-A3FA-E90D95A6B75C}</UniqueIdentifier>
    </Filter>
    <Filter Include="examples\ThirdPartyLibs\stb_image">
      <UniqueIdentifier>{DB5CCCE5-D3CD-E942-BBCB-CA756E435642}</UniqueIdentifier>
    </Filter>
  </ItemGroup>
  <ItemGroup>
    <ClInclude Include="..\..\examples\ExtendedTutorials\Bridge.h">
      <Filter>examples\ExtendedTutorials</Filter>
    </ClInclude>
    <ClInclude Include="..\..\examples\ExtendedTutorials\Chain.h">
      <Filter>examples\ExtendedTutorials</Filter>
    </ClInclude>
    <ClInclude Include="..\..\examples\ExtendedTutorials\InclinedPlane.h">
      <Filter>examples\ExtendedTutorials</Filter>
    </ClInclude>
    <ClInclude Include="..\..\examples\ExtendedTutorials\MultiPendulum.h">
      <Filter>examples\ExtendedTutorials</Filter>
    </ClInclude>
    <ClInclude Include="..\..\examples\ExtendedTutorials\MultipleBoxes.h">
      <Filter>examples\ExtendedTutorials</Filter>
    </ClInclude>
    <ClInclude Include="..\..\examples\ExtendedTutorials\NewtonsCradle.h">
      <Filter>examples\ExtendedTutorials</Filter>
    </ClInclude>
    <ClInclude Include="..\..\examples\ExtendedTutorials\NewtonsRopeCradle.h">
      <Filter>examples\ExtendedTutorials</Filter>
    </ClInclude>
    <ClInclude Include="..\..\examples\ExtendedTutorials\RigidBodyFromObj.h">
      <Filter>examples\ExtendedTutorials</Filter>
    </ClInclude>
    <ClInclude Include="..\..\examples\ExtendedTutorials\SimpleBox.h">
      <Filter>examples\ExtendedTutorials</Filter>
    </ClInclude>
    <ClInclude Include="..\..\examples\ExtendedTutorials\SimpleCloth.h">
      <Filter>examples\ExtendedTutorials</Filter>
    </ClInclude>
    <ClInclude Include="..\..\examples\ExtendedTutorials\SimpleJoint.h">
      <Filter>examples\ExtendedTutorials</Filter>
    </ClInclude>
    <ClInclude Include="..\..\examples\CommonInterfaces\Common2dCanvasInterface.h">
      <Filter>examples\CommonInterfaces</Filter>
    </ClInclude>
    <ClInclude Include="..\..\examples\CommonInterfaces\CommonCameraInterface.h">
      <Filter>examples\CommonInterfaces</Filter>
    </ClInclude>
    <ClInclude Include="..\..\examples\CommonInterfaces\CommonExampleInterface.h">
      <Filter>examples\CommonInterfaces</Filter>
    </ClInclude>
    <ClInclude Include="..\..\examples\CommonInterfaces\CommonGraphicsAppInterface.h">
      <Filter>examples\CommonInterfaces</Filter>
    </ClInclude>
    <ClInclude Include="..\..\examples\CommonInterfaces\CommonGUIHelperInterface.h">
      <Filter>examples\CommonInterfaces</Filter>
    </ClInclude>
    <ClInclude Include="..\..\examples\CommonInterfaces\CommonMultiBodyBase.h">
      <Filter>examples\CommonInterfaces</Filter>
    </ClInclude>
    <ClInclude Include="..\..\examples\CommonInterfaces\CommonParameterInterface.h">
      <Filter>examples\CommonInterfaces</Filter>
    </ClInclude>
    <ClInclude Include="..\..\examples\CommonInterfaces\CommonRenderInterface.h">
      <Filter>examples\CommonInterfaces</Filter>
    </ClInclude>
    <ClInclude Include="..\..\examples\CommonInterfaces\CommonRigidBodyBase.h">
      <Filter>examples\CommonInterfaces</Filter>
    </ClInclude>
    <ClInclude Include="..\..\examples\CommonInterfaces\CommonWindowInterface.h">
      <Filter>examples\CommonInterfaces</Filter>
    </ClInclude>
    <ClInclude Include="..\..\examples\Utils\b3ResourcePath.h">
      <Filter>examples\Utils</Filter>
    </ClInclude>
    <ClInclude Include="..\..\examples\ThirdPartyLibs\Wavefront\tiny_obj_loader.h">
      <Filter>examples\ThirdPartyLibs\Wavefront</Filter>
    </ClInclude>
  </ItemGroup>
  <ItemGroup>
    <ClCompile Include="..\..\examples\ExtendedTutorials\RigidBodyFromObj.cpp">
      <Filter>examples\ExtendedTutorials</Filter>
    </ClCompile>
    <ClCompile Include="..\..\examples\StandaloneMain\main_tinyrenderer_single_example.cpp">
      <Filter>examples\StandaloneMain</Filter>
    </ClCompile>
    <ClCompile Include="..\..\examples\OpenGLWindow\SimpleCamera.cpp">
      <Filter>examples\OpenGLWindow</Filter>
    </ClCompile>
    <ClCompile Include="..\..\examples\ExampleBrowser\CollisionShape2TriangleMesh.cpp">
      <Filter>examples\ExampleBrowser</Filter>
    </ClCompile>
    <ClCompile Include="..\..\examples\TinyRenderer\geometry.cpp">
      <Filter>examples\TinyRenderer</Filter>
    </ClCompile>
    <ClCompile Include="..\..\examples\TinyRenderer\model.cpp">
      <Filter>examples\TinyRenderer</Filter>
    </ClCompile>
    <ClCompile Include="..\..\examples\TinyRenderer\tgaimage.cpp">
      <Filter>examples\TinyRenderer</Filter>
    </ClCompile>
    <ClCompile Include="..\..\examples\TinyRenderer\our_gl.cpp">
      <Filter>examples\TinyRenderer</Filter>
    </ClCompile>
    <ClCompile Include="..\..\examples\TinyRenderer\TinyRenderer.cpp">
      <Filter>examples\TinyRenderer</Filter>
    </ClCompile>
    <ClCompile Include="..\..\examples\Utils\b3ResourcePath.cpp">
      <Filter>examples\Utils</Filter>
    </ClCompile>
    <ClCompile Include="..\..\examples\RenderingExamples\TimeSeriesCanvas.cpp">
      <Filter>examples\RenderingExamples</Filter>
    </ClCompile>
    <ClCompile Include="..\..\examples\RenderingExamples\TimeSeriesFontData.cpp">
      <Filter>examples\RenderingExamples</Filter>
    </ClCompile>
    <ClCompile Include="..\..\examples\MultiBody\InvertedPendulumPDControl.cpp">
      <Filter>examples\MultiBody</Filter>
    </ClCompile>
    <ClCompile Include="..\..\examples\ThirdPartyLibs\tinyxml\tinystr.cpp">
      <Filter>examples\ThirdPartyLibs\tinyxml</Filter>
    </ClCompile>
    <ClCompile Include="..\..\examples\ThirdPartyLibs\tinyxml\tinyxml.cpp">
      <Filter>examples\ThirdPartyLibs\tinyxml</Filter>
    </ClCompile>
    <ClCompile Include="..\..\examples\ThirdPartyLibs\tinyxml\tinyxmlerror.cpp">
      <Filter>examples\ThirdPartyLibs\tinyxml</Filter>
    </ClCompile>
    <ClCompile Include="..\..\examples\ThirdPartyLibs\tinyxml\tinyxmlparser.cpp">
      <Filter>examples\ThirdPartyLibs\tinyxml</Filter>
    </ClCompile>
    <ClCompile Include="..\..\examples\ThirdPartyLibs\Wavefront\tiny_obj_loader.cpp">
      <Filter>examples\ThirdPartyLibs\Wavefront</Filter>
    </ClCompile>
    <ClCompile Include="..\..\examples\Importers\ImportColladaDemo\LoadMeshFromCollada.cpp">
      <Filter>examples\Importers\ImportColladaDemo</Filter>
    </ClCompile>
    <ClCompile Include="..\..\examples\Importers\ImportObjDemo\LoadMeshFromObj.cpp">
      <Filter>examples\Importers\ImportObjDemo</Filter>
    </ClCompile>
    <ClCompile Include="..\..\examples\Importers\ImportObjDemo\Wavefront2GLInstanceGraphicsShape.cpp">
      <Filter>examples\Importers\ImportObjDemo</Filter>
    </ClCompile>
    <ClCompile Include="..\..\examples\Importers\ImportURDFDemo\BulletUrdfImporter.cpp">
      <Filter>examples\Importers\ImportURDFDemo</Filter>
    </ClCompile>
    <ClCompile Include="..\..\examples\Importers\ImportURDFDemo\MyMultiBodyCreator.cpp">
      <Filter>examples\Importers\ImportURDFDemo</Filter>
    </ClCompile>
    <ClCompile Include="..\..\examples\Importers\ImportURDFDemo\URDF2Bullet.cpp">
      <Filter>examples\Importers\ImportURDFDemo</Filter>
    </ClCompile>
    <ClCompile Include="..\..\examples\Importers\ImportURDFDemo\UrdfParser.cpp">
      <Filter>examples\Importers\ImportURDFDemo</Filter>
    </ClCompile>
    <ClCompile Include="..\..\examples\Importers\ImportURDFDemo\urdfStringSplit.cpp">
      <Filter>examples\Importers\ImportURDFDemo</Filter>
    </ClCompile>
    <ClCompile Include="..\..\examples\Importers\ImportMeshUtility\b3ImportMeshUtility.cpp">
      <Filter>examples\Importers\ImportMeshUtility</Filter>
    </ClCompile>
    <ClCompile Include="..\..\examples\ThirdPartyLibs\stb_image\stb_image.cpp">
      <Filter>examples\ThirdPartyLibs\stb_image</Filter>
    </ClCompile>
  </ItemGroup>
</Project>
