<?xml version="1.0" encoding="utf-8"?>
<Project ToolsVersion="4.0" xmlns="http://schemas.microsoft.com/developer/msbuild/2003">
  <ItemGroup>
    <Filter Include="examples">
      <UniqueIdentifier>{B3F99BA9-1422-044A-848E-673DD3ADBB1F}</UniqueIdentifier>
    </Filter>
    <Filter Include="examples\ThirdPartyLibs">
      <UniqueIdentifier>{B88C79DC-2713-9D45-A05B-65CF6F0B4FC2}</UniqueIdentifier>
    </Filter>
    <Filter Include="examples\ThirdPartyLibs\BussIK">
      <UniqueIdentifier>{4A422DD3-95CA-DD49-908A-9FE14E6BE402}</UniqueIdentifier>
    </Filter>
  </ItemGroup>
  <ItemGroup>
    <ClInclude Include="..\..\examples\ThirdPartyLibs\BussIK\Jacobian.h">
      <Filter>examples\ThirdPartyLibs\BussIK</Filter>
    </ClInclude>
    <ClInclude Include="..\..\examples\ThirdPartyLibs\BussIK\LinearR2.h">
      <Filter>examples\ThirdPartyLibs\BussIK</Filter>
    </ClInclude>
    <ClInclude Include="..\..\examples\ThirdPartyLibs\BussIK\LinearR3.h">
      <Filter>examples\ThirdPartyLibs\BussIK</Filter>
    </ClInclude>
    <ClInclude Include="..\..\examples\ThirdPartyLibs\BussIK\LinearR4.h">
      <Filter>examples\ThirdPartyLibs\BussIK</Filter>
    </ClInclude>
    <ClInclude Include="..\..\examples\ThirdPartyLibs\BussIK\MathMisc.h">
      <Filter>examples\ThirdPartyLibs\BussIK</Filter>
    </ClInclude>
    <ClInclude Include="..\..\examples\ThirdPartyLibs\BussIK\MatrixRmn.h">
      <Filter>examples\ThirdPartyLibs\BussIK</Filter>
    </ClInclude>
    <ClInclude Include="..\..\examples\ThirdPartyLibs\BussIK\Node.h">
      <Filter>examples\ThirdPartyLibs\BussIK</Filter>
    </ClInclude>
    <ClInclude Include="..\..\examples\ThirdPartyLibs\BussIK\Spherical.h">
      <Filter>examples\ThirdPartyLibs\BussIK</Filter>
    </ClInclude>
    <ClInclude Include="..\..\examples\ThirdPartyLibs\BussIK\Tree.h">
      <Filter>examples\ThirdPartyLibs\BussIK</Filter>
    </ClInclude>
    <ClInclude Include="..\..\examples\ThirdPartyLibs\BussIK\VectorRn.h">
      <Filter>examples\ThirdPartyLibs\BussIK</Filter>
    </ClInclude>
  </ItemGroup>
  <ItemGroup>
    <ClCompile Include="..\..\examples\ThirdPartyLibs\BussIK\Jacobian.cpp">
      <Filter>examples\ThirdPartyLibs\BussIK</Filter>
    </ClCompile>
    <ClCompile Include="..\..\examples\ThirdPartyLibs\BussIK\LinearR2.cpp">
      <Filter>examples\ThirdPartyLibs\BussIK</Filter>
    </ClCompile>
    <ClCompile Include="..\..\examples\ThirdPartyLibs\BussIK\LinearR3.cpp">
      <Filter>examples\ThirdPartyLibs\BussIK</Filter>
    </ClCompile>
    <ClCompile Include="..\..\examples\ThirdPartyLibs\BussIK\LinearR4.cpp">
      <Filter>examples\ThirdPartyLibs\BussIK</Filter>
    </ClCompile>
    <ClCompile Include="..\..\examples\ThirdPartyLibs\BussIK\MatrixRmn.cpp">
      <Filter>examples\ThirdPartyLibs\BussIK</Filter>
    </ClCompile>
    <ClCompile Include="..\..\examples\ThirdPartyLibs\BussIK\Misc.cpp">
      <Filter>examples\ThirdPartyLibs\BussIK</Filter>
    </ClCompile>
    <ClCompile Include="..\..\examples\ThirdPartyLibs\BussIK\Node.cpp">
      <Filter>examples\ThirdPartyLibs\BussIK</Filter>
    </ClCompile>
    <ClCompile Include="..\..\examples\ThirdPartyLibs\BussIK\Tree.cpp">
      <Filter>examples\ThirdPartyLibs\BussIK</Filter>
    </ClCompile>
    <ClCompile Include="..\..\examples\ThirdPartyLibs\BussIK\VectorRn.cpp">
      <Filter>examples\ThirdPartyLibs\BussIK</Filter>
    </ClCompile>
  </ItemGroup>
</Project>
