<?xml version="1.0" encoding="utf-8"?>
<Project ToolsVersion="4.0" xmlns="http://schemas.microsoft.com/developer/msbuild/2003">
  <ItemGroup>
    <Filter Include="examples">
      <UniqueIdentifier>{53FFEA24-5B20-CF47-950D-09BDF9EB90E3}</UniqueIdentifier>
    </Filter>
    <Filter Include="examples\ThirdPartyLibs">
      <UniqueIdentifier>{927B870D-77E8-2C4D-B2C1-CA70C18A66CD}</UniqueIdentifier>
    </Filter>
    <Filter Include="examples\ThirdPartyLibs\enet">
      <UniqueIdentifier>{7DEACDB8-4360-4943-B4A7-35B5A86CD576}</UniqueIdentifier>
    </Filter>
    <Filter Include="examples\ThirdPartyLibs\enet\include">
      <UniqueIdentifier>{C2D7B199-41BE-2547-8B9D-82BAA8F2F1D6}</UniqueIdentifier>
    </Filter>
    <Filter Include="examples\ThirdPartyLibs\enet\include\enet">
      <UniqueIdentifier>{A0E880F1-AD62-9C44-B83A-ECFA1C221DDF}</UniqueIdentifier>
    </Filter>
  </ItemGroup>
  <ItemGroup>
    <ClInclude Include="..\..\examples\ThirdPartyLibs\enet\include\enet\callbacks.h">
      <Filter>examples\ThirdPartyLibs\enet\include\enet</Filter>
    </ClInclude>
    <ClInclude Include="..\..\examples\ThirdPartyLibs\enet\include\enet\enet.h">
      <Filter>examples\ThirdPartyLibs\enet\include\enet</Filter>
    </ClInclude>
    <ClInclude Include="..\..\examples\ThirdPartyLibs\enet\include\enet\list.h">
      <Filter>examples\ThirdPartyLibs\enet\include\enet</Filter>
    </ClInclude>
    <ClInclude Include="..\..\examples\ThirdPartyLibs\enet\include\enet\protocol.h">
      <Filter>examples\ThirdPartyLibs\enet\include\enet</Filter>
    </ClInclude>
    <ClInclude Include="..\..\examples\ThirdPartyLibs\enet\include\enet\time.h">
      <Filter>examples\ThirdPartyLibs\enet\include\enet</Filter>
    </ClInclude>
    <ClInclude Include="..\..\examples\ThirdPartyLibs\enet\include\enet\types.h">
      <Filter>examples\ThirdPartyLibs\enet\include\enet</Filter>
    </ClInclude>
    <ClInclude Include="..\..\examples\ThirdPartyLibs\enet\include\enet\unix.h">
      <Filter>examples\ThirdPartyLibs\enet\include\enet</Filter>
    </ClInclude>
    <ClInclude Include="..\..\examples\ThirdPartyLibs\enet\include\enet\utility.h">
      <Filter>examples\ThirdPartyLibs\enet\include\enet</Filter>
    </ClInclude>
    <ClInclude Include="..\..\examples\ThirdPartyLibs\enet\include\enet\win32.h">
      <Filter>examples\ThirdPartyLibs\enet\include\enet</Filter>
    </ClInclude>
  </ItemGroup>
  <ItemGroup>
    <ClCompile Include="..\..\examples\ThirdPartyLibs\enet\win32.c">
      <Filter>examples\ThirdPartyLibs\enet</Filter>
    </ClCompile>
    <ClCompile Include="..\..\examples\ThirdPartyLibs\enet\callbacks.c">
      <Filter>examples\ThirdPartyLibs\enet</Filter>
    </ClCompile>
    <ClCompile Include="..\..\examples\ThirdPartyLibs\enet\compress.c">
      <Filter>examples\ThirdPartyLibs\enet</Filter>
    </ClCompile>
    <ClCompile Include="..\..\examples\ThirdPartyLibs\enet\host.c">
      <Filter>examples\ThirdPartyLibs\enet</Filter>
    </ClCompile>
    <ClCompile Include="..\..\examples\ThirdPartyLibs\enet\list.c">
      <Filter>examples\ThirdPartyLibs\enet</Filter>
    </ClCompile>
    <ClCompile Include="..\..\examples\ThirdPartyLibs\enet\packet.c">
      <Filter>examples\ThirdPartyLibs\enet</Filter>
    </ClCompile>
    <ClCompile Include="..\..\examples\ThirdPartyLibs\enet\peer.c">
      <Filter>examples\ThirdPartyLibs\enet</Filter>
    </ClCompile>
    <ClCompile Include="..\..\examples\ThirdPartyLibs\enet\protocol.c">
      <Filter>examples\ThirdPartyLibs\enet</Filter>
    </ClCompile>
  </ItemGroup>
</Project>
